Microsoft Visual Studio Solution File, Format Version 11.00
# Visual Studio 2010
Project("{8BC9CEB8-8B4A-11D0-8D11-00A0C91BC942}") = "mzxml", "C:/Users/thondo/src/qtplatz/contrib/mzxml\mzxml.vcxproj", "{3DD8F11B-0F66-3752-AA99-529A1915C116}"
EndProject
Project("{8BC9CEB8-8B4A-11D0-8D11-00A0C91BC942}") = "fticr", "C:/Users/thondo/src/qtplatz/contrib/bruker/fticr\fticr.vcxproj", "{77149842-12F6-38B1-AB1D-CB22664DBB63}"
EndProject
Project("{8BC9CEB8-8B4A-11D0-8D11-00A0C91BC942}") = "compassxtract", "C:/Users/thondo/src/qtplatz/contrib/bruker/compassxtract\compassxtract.vcxproj", "{7C0878C5-AFC9-3364-8C38-1042AD028EFD}"
EndProject
Global
	GlobalSection(SolutionConfiguration) = preSolution
		ConfigName.0 = Debug|Win32
		ConfigName.1 = Release|Win32
	EndGlobalSection
	GlobalSection(ProjectDependencies) = postSolution
	EndGlobalSection
	GlobalSection(ProjectConfiguration) = postSolution
		{3DD8F11B-0F66-3752-AA99-529A1915C116}.Debug|Win32.ActiveCfg = Debug|Win32
		{3DD8F11B-0F66-3752-AA99-529A1915C116}.Debug|Win32.Build.0 = Debug|Win32
		{3DD8F11B-0F66-3752-AA99-529A1915C116}.Release|Win32.ActiveCfg = Release|Win32
		{3DD8F11B-0F66-3752-AA99-529A1915C116}.Release|Win32.Build.0 = Release|Win32
		{77149842-12F6-38B1-AB1D-CB22664DBB63}.Debug|Win32.ActiveCfg = Debug|Win32
		{77149842-12F6-38B1-AB1D-CB22664DBB63}.Debug|Win32.Build.0 = Debug|Win32
		{77149842-12F6-38B1-AB1D-CB22664DBB63}.Release|Win32.ActiveCfg = Release|Win32
		{77149842-12F6-38B1-AB1D-CB22664DBB63}.Release|Win32.Build.0 = Release|Win32
		{7C0878C5-AFC9-3364-8C38-1042AD028EFD}.Debug|Win32.ActiveCfg = Debug|Win32
		{7C0878C5-AFC9-3364-8C38-1042AD028EFD}.Debug|Win32.Build.0 = Debug|Win32
		{7C0878C5-AFC9-3364-8C38-1042AD028EFD}.Release|Win32.ActiveCfg = Release|Win32
		{7C0878C5-AFC9-3364-8C38-1042AD028EFD}.Release|Win32.Build.0 = Release|Win32
	EndGlobalSection
	GlobalSection(ExtensibilityGlobals) = postSolution
	EndGlobalSection
	GlobalSection(ExtensibilityAddIns) = postSolution
	EndGlobalSection
EndGlobal