Microsoft Visual Studio Solution File, Format Version 11.00
# Visual Studio 2010
Project("{8BC9CEB8-8B4A-11D0-8D11-00A0C91BC942}") = "phony_target", "share\qtplatz\phony_target.vcxproj", "{F07BD634-7EB2-3C44-B950-1F535B8FD1B5}"
EndProject
Project("{8BC9CEB8-8B4A-11D0-8D11-00A0C91BC942}") = "qtplatz", "src\app\qtplatz.vcxproj", "{FD5FCA0C-82C7-3B59-BCAB-C1C60ABF97C9}"
EndProject
Project("{8BC9CEB8-8B4A-11D0-8D11-00A0C91BC942}") = "phony_target2", "share\qtplatz\translations\phony_target2.vcxproj", "{371CDEA2-67DA-3B46-BBE3-5908E7CF7E9F}"
EndProject
Project("{8BC9CEB8-8B4A-11D0-8D11-00A0C91BC942}") = "Aggregation", "src\libs\aggregation\Aggregation.vcxproj", "{CEB0DF97-2249-3D49-BB59-73856FE326FA}"
EndProject
Project("{8BC9CEB8-8B4A-11D0-8D11-00A0C91BC942}") = "ExtensionSystem", "src\libs\extensionsystem\ExtensionSystem.vcxproj", "{6FA4B3A8-2150-3797-8F9A-D58575973CD9}"
	ProjectSection(ProjectDependencies) = postProject
		{CEB0DF97-2249-3D49-BB59-73856FE326FA} = {CEB0DF97-2249-3D49-BB59-73856FE326FA}
	EndProjectSection
EndProject
Project("{8BC9CEB8-8B4A-11D0-8D11-00A0C91BC942}") = "Utils", "src\libs\utils\Utils.vcxproj", "{2E12FE5A-61AA-3839-8A17-09E6CA8271F0}"
EndProject
Project("{8BC9CEB8-8B4A-11D0-8D11-00A0C91BC942}") = "adfs", "src\libs\adfs\adfs.vcxproj", "{EA8E0B8D-57C4-3814-A33E-599D0E6D99FF}"
EndProject
Project("{8BC9CEB8-8B4A-11D0-8D11-00A0C91BC942}") = "xmlparser", "src\libs\xmlparser\xmlparser.vcxproj", "{DC2B5CCE-ADA6-3600-8667-EC3BB81652D1}"
EndProject
Project("{8BC9CEB8-8B4A-11D0-8D11-00A0C91BC942}") = "adwplot", "src\libs\adwplot\adwplot.vcxproj", "{F8D04AF7-D203-3B56-B7D6-FACE2F967B0B}"
EndProject
Project("{8BC9CEB8-8B4A-11D0-8D11-00A0C91BC942}") = "adportable", "src\libs\adportable\adportable.vcxproj", "{21D3B098-A454-3CE8-9B66-6E65D8A8E0B4}"
EndProject
Project("{8BC9CEB8-8B4A-11D0-8D11-00A0C91BC942}") = "qtwrapper", "src\libs\qtwrapper\qtwrapper.vcxproj", "{68C28ACF-10DC-387E-BB3B-FDC65A60EF98}"
EndProject
Project("{8BC9CEB8-8B4A-11D0-8D11-00A0C91BC942}") = "portfolio", "src\libs\portfolio\portfolio.vcxproj", "{CB3A0C8C-0C81-3E65-89E4-E54E7BEE1E6F}"
	ProjectSection(ProjectDependencies) = postProject
		{DC2B5CCE-ADA6-3600-8667-EC3BB81652D1} = {DC2B5CCE-ADA6-3600-8667-EC3BB81652D1}
		{21D3B098-A454-3CE8-9B66-6E65D8A8E0B4} = {21D3B098-A454-3CE8-9B66-6E65D8A8E0B4}
	EndProjectSection
EndProject
Project("{8BC9CEB8-8B4A-11D0-8D11-00A0C91BC942}") = "adutils", "src\libs\adutils\adutils.vcxproj", "{2E6E0E2B-3016-31F1-8AC2-B5D5D4632DF2}"
EndProject
Project("{8BC9CEB8-8B4A-11D0-8D11-00A0C91BC942}") = "acewrapper", "src\libs\acewrapper\acewrapper.vcxproj", "{78A1E2EE-904E-3479-93E1-1D20195B9945}"
EndProject
Project("{8BC9CEB8-8B4A-11D0-8D11-00A0C91BC942}") = "adplugin", "src\libs\adplugin\adplugin.vcxproj", "{95529158-A379-32F4-8779-F070331813AB}"
	ProjectSection(ProjectDependencies) = postProject
		{78A1E2EE-904E-3479-93E1-1D20195B9945} = {78A1E2EE-904E-3479-93E1-1D20195B9945}
		{21D3B098-A454-3CE8-9B66-6E65D8A8E0B4} = {21D3B098-A454-3CE8-9B66-6E65D8A8E0B4}
		{68C28ACF-10DC-387E-BB3B-FDC65A60EF98} = {68C28ACF-10DC-387E-BB3B-FDC65A60EF98}
		{DC2B5CCE-ADA6-3600-8667-EC3BB81652D1} = {DC2B5CCE-ADA6-3600-8667-EC3BB81652D1}
	EndProjectSection
EndProject
Project("{8BC9CEB8-8B4A-11D0-8D11-00A0C91BC942}") = "adcontrols", "src\libs\adcontrols\adcontrols.vcxproj", "{3CD089A6-7616-3CA0-A248-ED53E21E4FAA}"
	ProjectSection(ProjectDependencies) = postProject
		{78A1E2EE-904E-3479-93E1-1D20195B9945} = {78A1E2EE-904E-3479-93E1-1D20195B9945}
		{21D3B098-A454-3CE8-9B66-6E65D8A8E0B4} = {21D3B098-A454-3CE8-9B66-6E65D8A8E0B4}
	EndProjectSection
EndProject
Project("{8BC9CEB8-8B4A-11D0-8D11-00A0C91BC942}") = "qtwidgets", "src\libs\qtwidgets\qtwidgets.vcxproj", "{BF330A98-5A49-32FB-8B3C-E83EF7564624}"
	ProjectSection(ProjectDependencies) = postProject
		{21D3B098-A454-3CE8-9B66-6E65D8A8E0B4} = {21D3B098-A454-3CE8-9B66-6E65D8A8E0B4}
		{3CD089A6-7616-3CA0-A248-ED53E21E4FAA} = {3CD089A6-7616-3CA0-A248-ED53E21E4FAA}
		{95529158-A379-32F4-8779-F070331813AB} = {95529158-A379-32F4-8779-F070331813AB}
		{68C28ACF-10DC-387E-BB3B-FDC65A60EF98} = {68C28ACF-10DC-387E-BB3B-FDC65A60EF98}
		{DC2B5CCE-ADA6-3600-8667-EC3BB81652D1} = {DC2B5CCE-ADA6-3600-8667-EC3BB81652D1}
	EndProjectSection
EndProject
Project("{8BC9CEB8-8B4A-11D0-8D11-00A0C91BC942}") = "adtxtfactory", "src\libs\adtxtfactory\adtxtfactory.vcxproj", "{32846735-DFC5-3D1B-A3E9-668837DDF3A1}"
	ProjectSection(ProjectDependencies) = postProject
		{3CD089A6-7616-3CA0-A248-ED53E21E4FAA} = {3CD089A6-7616-3CA0-A248-ED53E21E4FAA}
		{21D3B098-A454-3CE8-9B66-6E65D8A8E0B4} = {21D3B098-A454-3CE8-9B66-6E65D8A8E0B4}
		{DC2B5CCE-ADA6-3600-8667-EC3BB81652D1} = {DC2B5CCE-ADA6-3600-8667-EC3BB81652D1}
		{CB3A0C8C-0C81-3E65-89E4-E54E7BEE1E6F} = {CB3A0C8C-0C81-3E65-89E4-E54E7BEE1E6F}
	EndProjectSection
EndProject
Project("{8BC9CEB8-8B4A-11D0-8D11-00A0C91BC942}") = "addatafile", "src\libs\addatafile\addatafile.vcxproj", "{C3C2944E-885C-38A2-9C4B-366C9B4EB66A}"
	ProjectSection(ProjectDependencies) = postProject
		{3CD089A6-7616-3CA0-A248-ED53E21E4FAA} = {3CD089A6-7616-3CA0-A248-ED53E21E4FAA}
		{21D3B098-A454-3CE8-9B66-6E65D8A8E0B4} = {21D3B098-A454-3CE8-9B66-6E65D8A8E0B4}
		{DC2B5CCE-ADA6-3600-8667-EC3BB81652D1} = {DC2B5CCE-ADA6-3600-8667-EC3BB81652D1}
		{78A1E2EE-904E-3479-93E1-1D20195B9945} = {78A1E2EE-904E-3479-93E1-1D20195B9945}
		{2E6E0E2B-3016-31F1-8AC2-B5D5D4632DF2} = {2E6E0E2B-3016-31F1-8AC2-B5D5D4632DF2}
		{CB3A0C8C-0C81-3E65-89E4-E54E7BEE1E6F} = {CB3A0C8C-0C81-3E65-89E4-E54E7BEE1E6F}
		{EA8E0B8D-57C4-3814-A33E-599D0E6D99FF} = {EA8E0B8D-57C4-3814-A33E-599D0E6D99FF}
		{21D3B098-A454-3CE8-9B66-6E65D8A8E0B4} = {21D3B098-A454-3CE8-9B66-6E65D8A8E0B4}
	EndProjectSection
EndProject
Project("{8BC9CEB8-8B4A-11D0-8D11-00A0C91BC942}") = "adcontroller", "src\servants\adcontroller\adcontroller.vcxproj", "{E652DFDE-48E6-3B75-91DF-D4FB5833398A}"
	ProjectSection(ProjectDependencies) = postProject
		{78A1E2EE-904E-3479-93E1-1D20195B9945} = {78A1E2EE-904E-3479-93E1-1D20195B9945}
		{21D3B098-A454-3CE8-9B66-6E65D8A8E0B4} = {21D3B098-A454-3CE8-9B66-6E65D8A8E0B4}
		{95529158-A379-32F4-8779-F070331813AB} = {95529158-A379-32F4-8779-F070331813AB}
		{DC2B5CCE-ADA6-3600-8667-EC3BB81652D1} = {DC2B5CCE-ADA6-3600-8667-EC3BB81652D1}
	EndProjectSection
EndProject
Project("{8BC9CEB8-8B4A-11D0-8D11-00A0C91BC942}") = "adbroker", "src\servants\adbroker\adbroker.vcxproj", "{41E63294-D879-3284-9D2E-FAB3A21DE866}"
	ProjectSection(ProjectDependencies) = postProject
		{21D3B098-A454-3CE8-9B66-6E65D8A8E0B4} = {21D3B098-A454-3CE8-9B66-6E65D8A8E0B4}
		{78A1E2EE-904E-3479-93E1-1D20195B9945} = {78A1E2EE-904E-3479-93E1-1D20195B9945}
		{3CD089A6-7616-3CA0-A248-ED53E21E4FAA} = {3CD089A6-7616-3CA0-A248-ED53E21E4FAA}
		{CB3A0C8C-0C81-3E65-89E4-E54E7BEE1E6F} = {CB3A0C8C-0C81-3E65-89E4-E54E7BEE1E6F}
		{95529158-A379-32F4-8779-F070331813AB} = {95529158-A379-32F4-8779-F070331813AB}
	EndProjectSection
EndProject
Project("{8BC9CEB8-8B4A-11D0-8D11-00A0C91BC942}") = "Core", "src\plugins\coreplugin\Core.vcxproj", "{E1B47966-6B17-3326-A517-949F960870B6}"
	ProjectSection(ProjectDependencies) = postProject
		{2E12FE5A-61AA-3839-8A17-09E6CA8271F0} = {2E12FE5A-61AA-3839-8A17-09E6CA8271F0}
		{CEB0DF97-2249-3D49-BB59-73856FE326FA} = {CEB0DF97-2249-3D49-BB59-73856FE326FA}
		{6FA4B3A8-2150-3797-8F9A-D58575973CD9} = {6FA4B3A8-2150-3797-8F9A-D58575973CD9}
	EndProjectSection
EndProject
Project("{8BC9CEB8-8B4A-11D0-8D11-00A0C91BC942}") = "servant", "src\plugins\servant\servant.vcxproj", "{D2A3CD94-607A-3937-9DFA-A6C5C40F0ADD}"
	ProjectSection(ProjectDependencies) = postProject
		{CEB0DF97-2249-3D49-BB59-73856FE326FA} = {CEB0DF97-2249-3D49-BB59-73856FE326FA}
		{6FA4B3A8-2150-3797-8F9A-D58575973CD9} = {6FA4B3A8-2150-3797-8F9A-D58575973CD9}
		{2E12FE5A-61AA-3839-8A17-09E6CA8271F0} = {2E12FE5A-61AA-3839-8A17-09E6CA8271F0}
		{E1B47966-6B17-3326-A517-949F960870B6} = {E1B47966-6B17-3326-A517-949F960870B6}
		{3CD089A6-7616-3CA0-A248-ED53E21E4FAA} = {3CD089A6-7616-3CA0-A248-ED53E21E4FAA}
		{78A1E2EE-904E-3479-93E1-1D20195B9945} = {78A1E2EE-904E-3479-93E1-1D20195B9945}
		{21D3B098-A454-3CE8-9B66-6E65D8A8E0B4} = {21D3B098-A454-3CE8-9B66-6E65D8A8E0B4}
		{95529158-A379-32F4-8779-F070331813AB} = {95529158-A379-32F4-8779-F070331813AB}
		{68C28ACF-10DC-387E-BB3B-FDC65A60EF98} = {68C28ACF-10DC-387E-BB3B-FDC65A60EF98}
		{41E63294-D879-3284-9D2E-FAB3A21DE866} = {41E63294-D879-3284-9D2E-FAB3A21DE866}
	EndProjectSection
EndProject
Project("{8BC9CEB8-8B4A-11D0-8D11-00A0C91BC942}") = "acquire", "src\plugins\acquire\acquire.vcxproj", "{B4E5599F-4AD4-364D-BAF5-5BA63BDB1AC7}"
	ProjectSection(ProjectDependencies) = postProject
		{E652DFDE-48E6-3B75-91DF-D4FB5833398A} = {E652DFDE-48E6-3B75-91DF-D4FB5833398A}
		{3CD089A6-7616-3CA0-A248-ED53E21E4FAA} = {3CD089A6-7616-3CA0-A248-ED53E21E4FAA}
		{2E6E0E2B-3016-31F1-8AC2-B5D5D4632DF2} = {2E6E0E2B-3016-31F1-8AC2-B5D5D4632DF2}
		{21D3B098-A454-3CE8-9B66-6E65D8A8E0B4} = {21D3B098-A454-3CE8-9B66-6E65D8A8E0B4}
		{F8D04AF7-D203-3B56-B7D6-FACE2F967B0B} = {F8D04AF7-D203-3B56-B7D6-FACE2F967B0B}
		{78A1E2EE-904E-3479-93E1-1D20195B9945} = {78A1E2EE-904E-3479-93E1-1D20195B9945}
		{68C28ACF-10DC-387E-BB3B-FDC65A60EF98} = {68C28ACF-10DC-387E-BB3B-FDC65A60EF98}
		{DC2B5CCE-ADA6-3600-8667-EC3BB81652D1} = {DC2B5CCE-ADA6-3600-8667-EC3BB81652D1}
		{95529158-A379-32F4-8779-F070331813AB} = {95529158-A379-32F4-8779-F070331813AB}
		{CEB0DF97-2249-3D49-BB59-73856FE326FA} = {CEB0DF97-2249-3D49-BB59-73856FE326FA}
		{6FA4B3A8-2150-3797-8F9A-D58575973CD9} = {6FA4B3A8-2150-3797-8F9A-D58575973CD9}
		{2E12FE5A-61AA-3839-8A17-09E6CA8271F0} = {2E12FE5A-61AA-3839-8A17-09E6CA8271F0}
		{E1B47966-6B17-3326-A517-949F960870B6} = {E1B47966-6B17-3326-A517-949F960870B6}
	EndProjectSection
EndProject
Project("{8BC9CEB8-8B4A-11D0-8D11-00A0C91BC942}") = "sequence", "src\plugins\sequence\sequence.vcxproj", "{8FFCBA0A-0360-3432-8E14-74AE67307C5E}"
	ProjectSection(ProjectDependencies) = postProject
		{3CD089A6-7616-3CA0-A248-ED53E21E4FAA} = {3CD089A6-7616-3CA0-A248-ED53E21E4FAA}
		{CEB0DF97-2249-3D49-BB59-73856FE326FA} = {CEB0DF97-2249-3D49-BB59-73856FE326FA}
		{6FA4B3A8-2150-3797-8F9A-D58575973CD9} = {6FA4B3A8-2150-3797-8F9A-D58575973CD9}
		{2E12FE5A-61AA-3839-8A17-09E6CA8271F0} = {2E12FE5A-61AA-3839-8A17-09E6CA8271F0}
		{E1B47966-6B17-3326-A517-949F960870B6} = {E1B47966-6B17-3326-A517-949F960870B6}
		{E652DFDE-48E6-3B75-91DF-D4FB5833398A} = {E652DFDE-48E6-3B75-91DF-D4FB5833398A}
		{3CD089A6-7616-3CA0-A248-ED53E21E4FAA} = {3CD089A6-7616-3CA0-A248-ED53E21E4FAA}
		{2E6E0E2B-3016-31F1-8AC2-B5D5D4632DF2} = {2E6E0E2B-3016-31F1-8AC2-B5D5D4632DF2}
		{21D3B098-A454-3CE8-9B66-6E65D8A8E0B4} = {21D3B098-A454-3CE8-9B66-6E65D8A8E0B4}
		{F8D04AF7-D203-3B56-B7D6-FACE2F967B0B} = {F8D04AF7-D203-3B56-B7D6-FACE2F967B0B}
		{78A1E2EE-904E-3479-93E1-1D20195B9945} = {78A1E2EE-904E-3479-93E1-1D20195B9945}
		{68C28ACF-10DC-387E-BB3B-FDC65A60EF98} = {68C28ACF-10DC-387E-BB3B-FDC65A60EF98}
		{DC2B5CCE-ADA6-3600-8667-EC3BB81652D1} = {DC2B5CCE-ADA6-3600-8667-EC3BB81652D1}
		{95529158-A379-32F4-8779-F070331813AB} = {95529158-A379-32F4-8779-F070331813AB}
	EndProjectSection
EndProject
Project("{8BC9CEB8-8B4A-11D0-8D11-00A0C91BC942}") = "dataproc", "src\plugins\dataproc\dataproc.vcxproj", "{3E85EF4B-C404-3C29-85DE-EAACD9399ECD}"
	ProjectSection(ProjectDependencies) = postProject
		{CEB0DF97-2249-3D49-BB59-73856FE326FA} = {CEB0DF97-2249-3D49-BB59-73856FE326FA}
		{6FA4B3A8-2150-3797-8F9A-D58575973CD9} = {6FA4B3A8-2150-3797-8F9A-D58575973CD9}
		{2E12FE5A-61AA-3839-8A17-09E6CA8271F0} = {2E12FE5A-61AA-3839-8A17-09E6CA8271F0}
		{E1B47966-6B17-3326-A517-949F960870B6} = {E1B47966-6B17-3326-A517-949F960870B6}
		{F8D04AF7-D203-3B56-B7D6-FACE2F967B0B} = {F8D04AF7-D203-3B56-B7D6-FACE2F967B0B}
		{21D3B098-A454-3CE8-9B66-6E65D8A8E0B4} = {21D3B098-A454-3CE8-9B66-6E65D8A8E0B4}
		{95529158-A379-32F4-8779-F070331813AB} = {95529158-A379-32F4-8779-F070331813AB}
		{3CD089A6-7616-3CA0-A248-ED53E21E4FAA} = {3CD089A6-7616-3CA0-A248-ED53E21E4FAA}
		{2E6E0E2B-3016-31F1-8AC2-B5D5D4632DF2} = {2E6E0E2B-3016-31F1-8AC2-B5D5D4632DF2}
		{78A1E2EE-904E-3479-93E1-1D20195B9945} = {78A1E2EE-904E-3479-93E1-1D20195B9945}
		{CB3A0C8C-0C81-3E65-89E4-E54E7BEE1E6F} = {CB3A0C8C-0C81-3E65-89E4-E54E7BEE1E6F}
		{68C28ACF-10DC-387E-BB3B-FDC65A60EF98} = {68C28ACF-10DC-387E-BB3B-FDC65A60EF98}
		{DC2B5CCE-ADA6-3600-8667-EC3BB81652D1} = {DC2B5CCE-ADA6-3600-8667-EC3BB81652D1}
	EndProjectSection
EndProject
Project("{8BC9CEB8-8B4A-11D0-8D11-00A0C91BC942}") = "ChemSpider", "src\plugins\chemspider\ChemSpider.vcxproj", "{65A24A37-FEEB-30F2-9D52-04D65374FCD3}"
	ProjectSection(ProjectDependencies) = postProject
		{CEB0DF97-2249-3D49-BB59-73856FE326FA} = {CEB0DF97-2249-3D49-BB59-73856FE326FA}
		{6FA4B3A8-2150-3797-8F9A-D58575973CD9} = {6FA4B3A8-2150-3797-8F9A-D58575973CD9}
		{2E12FE5A-61AA-3839-8A17-09E6CA8271F0} = {2E12FE5A-61AA-3839-8A17-09E6CA8271F0}
		{E1B47966-6B17-3326-A517-949F960870B6} = {E1B47966-6B17-3326-A517-949F960870B6}
		{2E6E0E2B-3016-31F1-8AC2-B5D5D4632DF2} = {2E6E0E2B-3016-31F1-8AC2-B5D5D4632DF2}
		{21D3B098-A454-3CE8-9B66-6E65D8A8E0B4} = {21D3B098-A454-3CE8-9B66-6E65D8A8E0B4}
		{95529158-A379-32F4-8779-F070331813AB} = {95529158-A379-32F4-8779-F070331813AB}
		{68C28ACF-10DC-387E-BB3B-FDC65A60EF98} = {68C28ACF-10DC-387E-BB3B-FDC65A60EF98}
		{DC2B5CCE-ADA6-3600-8667-EC3BB81652D1} = {DC2B5CCE-ADA6-3600-8667-EC3BB81652D1}
	EndProjectSection
EndProject
Project("{8BC9CEB8-8B4A-11D0-8D11-00A0C91BC942}") = "adinterface", "src\libs\adinterface\adinterface.vcxproj", "{0E63611D-F1FE-3CCB-9E32-59C3737F6A59}"
EndProject
Global
	GlobalSection(SolutionConfigurationPlatforms) = preSolution
		Debug|Win32 = Debug|Win32
		Release|Win32 = Release|Win32
		Template|Win32 = Template|Win32
	EndGlobalSection
	GlobalSection(ProjectConfigurationPlatforms) = postSolution
		{F07BD634-7EB2-3C44-B950-1F535B8FD1B5}.Debug|Win32.ActiveCfg = Debug|Win32
		{F07BD634-7EB2-3C44-B950-1F535B8FD1B5}.Debug|Win32.Build.0 = Debug|Win32
		{F07BD634-7EB2-3C44-B950-1F535B8FD1B5}.Release|Win32.ActiveCfg = Release|Win32
		{F07BD634-7EB2-3C44-B950-1F535B8FD1B5}.Release|Win32.Build.0 = Release|Win32
		{F07BD634-7EB2-3C44-B950-1F535B8FD1B5}.Template|Win32.ActiveCfg = Release|Win32
		{F07BD634-7EB2-3C44-B950-1F535B8FD1B5}.Template|Win32.Build.0 = Release|Win32
		{FD5FCA0C-82C7-3B59-BCAB-C1C60ABF97C9}.Debug|Win32.ActiveCfg = Debug|Win32
		{FD5FCA0C-82C7-3B59-BCAB-C1C60ABF97C9}.Debug|Win32.Build.0 = Debug|Win32
		{FD5FCA0C-82C7-3B59-BCAB-C1C60ABF97C9}.Release|Win32.ActiveCfg = Release|Win32
		{FD5FCA0C-82C7-3B59-BCAB-C1C60ABF97C9}.Release|Win32.Build.0 = Release|Win32
		{FD5FCA0C-82C7-3B59-BCAB-C1C60ABF97C9}.Template|Win32.ActiveCfg = Release|Win32
		{FD5FCA0C-82C7-3B59-BCAB-C1C60ABF97C9}.Template|Win32.Build.0 = Release|Win32
		{CEB0DF97-2249-3D49-BB59-73856FE326FA}.Debug|Win32.ActiveCfg = Debug|Win32
		{CEB0DF97-2249-3D49-BB59-73856FE326FA}.Debug|Win32.Build.0 = Debug|Win32
		{CEB0DF97-2249-3D49-BB59-73856FE326FA}.Release|Win32.ActiveCfg = Release|Win32
		{CEB0DF97-2249-3D49-BB59-73856FE326FA}.Release|Win32.Build.0 = Release|Win32
		{CEB0DF97-2249-3D49-BB59-73856FE326FA}.Template|Win32.ActiveCfg = Release|Win32
		{CEB0DF97-2249-3D49-BB59-73856FE326FA}.Template|Win32.Build.0 = Release|Win32
		{6FA4B3A8-2150-3797-8F9A-D58575973CD9}.Debug|Win32.ActiveCfg = Debug|Win32
		{6FA4B3A8-2150-3797-8F9A-D58575973CD9}.Debug|Win32.Build.0 = Debug|Win32
		{6FA4B3A8-2150-3797-8F9A-D58575973CD9}.Release|Win32.ActiveCfg = Release|Win32
		{6FA4B3A8-2150-3797-8F9A-D58575973CD9}.Release|Win32.Build.0 = Release|Win32
		{6FA4B3A8-2150-3797-8F9A-D58575973CD9}.Template|Win32.ActiveCfg = Release|Win32
		{6FA4B3A8-2150-3797-8F9A-D58575973CD9}.Template|Win32.Build.0 = Release|Win32
		{2E12FE5A-61AA-3839-8A17-09E6CA8271F0}.Debug|Win32.ActiveCfg = Debug|Win32
		{2E12FE5A-61AA-3839-8A17-09E6CA8271F0}.Debug|Win32.Build.0 = Debug|Win32
		{2E12FE5A-61AA-3839-8A17-09E6CA8271F0}.Release|Win32.ActiveCfg = Release|Win32
		{2E12FE5A-61AA-3839-8A17-09E6CA8271F0}.Release|Win32.Build.0 = Release|Win32
		{2E12FE5A-61AA-3839-8A17-09E6CA8271F0}.Template|Win32.ActiveCfg = Release|Win32
		{2E12FE5A-61AA-3839-8A17-09E6CA8271F0}.Template|Win32.Build.0 = Release|Win32
		{EA8E0B8D-57C4-3814-A33E-599D0E6D99FF}.Debug|Win32.ActiveCfg = Debug|Win32
		{EA8E0B8D-57C4-3814-A33E-599D0E6D99FF}.Debug|Win32.Build.0 = Debug|Win32
		{EA8E0B8D-57C4-3814-A33E-599D0E6D99FF}.Release|Win32.ActiveCfg = Release|Win32
		{EA8E0B8D-57C4-3814-A33E-599D0E6D99FF}.Release|Win32.Build.0 = Release|Win32
		{EA8E0B8D-57C4-3814-A33E-599D0E6D99FF}.Template|Win32.ActiveCfg = Release|Win32
		{EA8E0B8D-57C4-3814-A33E-599D0E6D99FF}.Template|Win32.Build.0 = Release|Win32
		{DC2B5CCE-ADA6-3600-8667-EC3BB81652D1}.Debug|Win32.ActiveCfg = Debug|Win32
		{DC2B5CCE-ADA6-3600-8667-EC3BB81652D1}.Debug|Win32.Build.0 = Debug|Win32
		{DC2B5CCE-ADA6-3600-8667-EC3BB81652D1}.Release|Win32.ActiveCfg = Release|Win32
		{DC2B5CCE-ADA6-3600-8667-EC3BB81652D1}.Release|Win32.Build.0 = Release|Win32
		{DC2B5CCE-ADA6-3600-8667-EC3BB81652D1}.Template|Win32.ActiveCfg = Release|Win32
		{DC2B5CCE-ADA6-3600-8667-EC3BB81652D1}.Template|Win32.Build.0 = Release|Win32
		{F8D04AF7-D203-3B56-B7D6-FACE2F967B0B}.Debug|Win32.ActiveCfg = Debug|Win32
		{F8D04AF7-D203-3B56-B7D6-FACE2F967B0B}.Debug|Win32.Build.0 = Debug|Win32
		{F8D04AF7-D203-3B56-B7D6-FACE2F967B0B}.Release|Win32.ActiveCfg = Release|Win32
		{F8D04AF7-D203-3B56-B7D6-FACE2F967B0B}.Release|Win32.Build.0 = Release|Win32
		{F8D04AF7-D203-3B56-B7D6-FACE2F967B0B}.Template|Win32.ActiveCfg = Release|Win32
		{F8D04AF7-D203-3B56-B7D6-FACE2F967B0B}.Template|Win32.Build.0 = Release|Win32
		{21D3B098-A454-3CE8-9B66-6E65D8A8E0B4}.Debug|Win32.ActiveCfg = Debug|Win32
		{21D3B098-A454-3CE8-9B66-6E65D8A8E0B4}.Debug|Win32.Build.0 = Debug|Win32
		{21D3B098-A454-3CE8-9B66-6E65D8A8E0B4}.Release|Win32.ActiveCfg = Release|Win32
		{21D3B098-A454-3CE8-9B66-6E65D8A8E0B4}.Release|Win32.Build.0 = Release|Win32
		{21D3B098-A454-3CE8-9B66-6E65D8A8E0B4}.Template|Win32.ActiveCfg = Release|Win32
		{21D3B098-A454-3CE8-9B66-6E65D8A8E0B4}.Template|Win32.Build.0 = Release|Win32
		{68C28ACF-10DC-387E-BB3B-FDC65A60EF98}.Debug|Win32.ActiveCfg = Debug|Win32
		{68C28ACF-10DC-387E-BB3B-FDC65A60EF98}.Debug|Win32.Build.0 = Debug|Win32
		{68C28ACF-10DC-387E-BB3B-FDC65A60EF98}.Release|Win32.ActiveCfg = Release|Win32
		{68C28ACF-10DC-387E-BB3B-FDC65A60EF98}.Release|Win32.Build.0 = Release|Win32
		{68C28ACF-10DC-387E-BB3B-FDC65A60EF98}.Template|Win32.ActiveCfg = Release|Win32
		{68C28ACF-10DC-387E-BB3B-FDC65A60EF98}.Template|Win32.Build.0 = Release|Win32
		{CB3A0C8C-0C81-3E65-89E4-E54E7BEE1E6F}.Debug|Win32.ActiveCfg = Debug|Win32
		{CB3A0C8C-0C81-3E65-89E4-E54E7BEE1E6F}.Debug|Win32.Build.0 = Debug|Win32
		{CB3A0C8C-0C81-3E65-89E4-E54E7BEE1E6F}.Release|Win32.ActiveCfg = Release|Win32
		{CB3A0C8C-0C81-3E65-89E4-E54E7BEE1E6F}.Release|Win32.Build.0 = Release|Win32
		{CB3A0C8C-0C81-3E65-89E4-E54E7BEE1E6F}.Template|Win32.ActiveCfg = Release|Win32
		{CB3A0C8C-0C81-3E65-89E4-E54E7BEE1E6F}.Template|Win32.Build.0 = Release|Win32
		{2E6E0E2B-3016-31F1-8AC2-B5D5D4632DF2}.Debug|Win32.ActiveCfg = Debug|Win32
		{2E6E0E2B-3016-31F1-8AC2-B5D5D4632DF2}.Debug|Win32.Build.0 = Debug|Win32
		{2E6E0E2B-3016-31F1-8AC2-B5D5D4632DF2}.Release|Win32.ActiveCfg = Release|Win32
		{2E6E0E2B-3016-31F1-8AC2-B5D5D4632DF2}.Release|Win32.Build.0 = Release|Win32
		{2E6E0E2B-3016-31F1-8AC2-B5D5D4632DF2}.Template|Win32.ActiveCfg = Release|Win32
		{2E6E0E2B-3016-31F1-8AC2-B5D5D4632DF2}.Template|Win32.Build.0 = Release|Win32
		{78A1E2EE-904E-3479-93E1-1D20195B9945}.Debug|Win32.ActiveCfg = Debug|Win32
		{78A1E2EE-904E-3479-93E1-1D20195B9945}.Debug|Win32.Build.0 = Debug|Win32
		{78A1E2EE-904E-3479-93E1-1D20195B9945}.Release|Win32.ActiveCfg = Release|Win32
		{78A1E2EE-904E-3479-93E1-1D20195B9945}.Release|Win32.Build.0 = Release|Win32
		{78A1E2EE-904E-3479-93E1-1D20195B9945}.Template|Win32.ActiveCfg = Release|Win32
		{78A1E2EE-904E-3479-93E1-1D20195B9945}.Template|Win32.Build.0 = Release|Win32
		{95529158-A379-32F4-8779-F070331813AB}.Debug|Win32.ActiveCfg = Debug|Win32
		{95529158-A379-32F4-8779-F070331813AB}.Debug|Win32.Build.0 = Debug|Win32
		{95529158-A379-32F4-8779-F070331813AB}.Release|Win32.ActiveCfg = Release|Win32
		{95529158-A379-32F4-8779-F070331813AB}.Release|Win32.Build.0 = Release|Win32
		{95529158-A379-32F4-8779-F070331813AB}.Template|Win32.ActiveCfg = Release|Win32
		{95529158-A379-32F4-8779-F070331813AB}.Template|Win32.Build.0 = Release|Win32
		{3CD089A6-7616-3CA0-A248-ED53E21E4FAA}.Debug|Win32.ActiveCfg = Debug|Win32
		{3CD089A6-7616-3CA0-A248-ED53E21E4FAA}.Debug|Win32.Build.0 = Debug|Win32
		{3CD089A6-7616-3CA0-A248-ED53E21E4FAA}.Release|Win32.ActiveCfg = Release|Win32
		{3CD089A6-7616-3CA0-A248-ED53E21E4FAA}.Release|Win32.Build.0 = Release|Win32
		{3CD089A6-7616-3CA0-A248-ED53E21E4FAA}.Template|Win32.ActiveCfg = Release|Win32
		{3CD089A6-7616-3CA0-A248-ED53E21E4FAA}.Template|Win32.Build.0 = Release|Win32
		{BF330A98-5A49-32FB-8B3C-E83EF7564624}.Debug|Win32.ActiveCfg = Debug|Win32
		{BF330A98-5A49-32FB-8B3C-E83EF7564624}.Debug|Win32.Build.0 = Debug|Win32
		{BF330A98-5A49-32FB-8B3C-E83EF7564624}.Release|Win32.ActiveCfg = Release|Win32
		{BF330A98-5A49-32FB-8B3C-E83EF7564624}.Release|Win32.Build.0 = Release|Win32
		{BF330A98-5A49-32FB-8B3C-E83EF7564624}.Template|Win32.ActiveCfg = Release|Win32
		{BF330A98-5A49-32FB-8B3C-E83EF7564624}.Template|Win32.Build.0 = Release|Win32
		{32846735-DFC5-3D1B-A3E9-668837DDF3A1}.Debug|Win32.ActiveCfg = Debug|Win32
		{32846735-DFC5-3D1B-A3E9-668837DDF3A1}.Debug|Win32.Build.0 = Debug|Win32
		{32846735-DFC5-3D1B-A3E9-668837DDF3A1}.Release|Win32.ActiveCfg = Release|Win32
		{32846735-DFC5-3D1B-A3E9-668837DDF3A1}.Release|Win32.Build.0 = Release|Win32
		{32846735-DFC5-3D1B-A3E9-668837DDF3A1}.Template|Win32.ActiveCfg = Release|Win32
		{32846735-DFC5-3D1B-A3E9-668837DDF3A1}.Template|Win32.Build.0 = Release|Win32
		{C3C2944E-885C-38A2-9C4B-366C9B4EB66A}.Debug|Win32.ActiveCfg = Debug|Win32
		{C3C2944E-885C-38A2-9C4B-366C9B4EB66A}.Debug|Win32.Build.0 = Debug|Win32
		{C3C2944E-885C-38A2-9C4B-366C9B4EB66A}.Release|Win32.ActiveCfg = Release|Win32
		{C3C2944E-885C-38A2-9C4B-366C9B4EB66A}.Release|Win32.Build.0 = Release|Win32
		{C3C2944E-885C-38A2-9C4B-366C9B4EB66A}.Template|Win32.ActiveCfg = Release|Win32
		{C3C2944E-885C-38A2-9C4B-366C9B4EB66A}.Template|Win32.Build.0 = Release|Win32
		{E652DFDE-48E6-3B75-91DF-D4FB5833398A}.Debug|Win32.ActiveCfg = Debug|Win32
		{E652DFDE-48E6-3B75-91DF-D4FB5833398A}.Debug|Win32.Build.0 = Debug|Win32
		{E652DFDE-48E6-3B75-91DF-D4FB5833398A}.Release|Win32.ActiveCfg = Release|Win32
		{E652DFDE-48E6-3B75-91DF-D4FB5833398A}.Release|Win32.Build.0 = Release|Win32
		{E652DFDE-48E6-3B75-91DF-D4FB5833398A}.Template|Win32.ActiveCfg = Release|Win32
		{E652DFDE-48E6-3B75-91DF-D4FB5833398A}.Template|Win32.Build.0 = Release|Win32
		{41E63294-D879-3284-9D2E-FAB3A21DE866}.Debug|Win32.ActiveCfg = Debug|Win32
		{41E63294-D879-3284-9D2E-FAB3A21DE866}.Debug|Win32.Build.0 = Debug|Win32
		{41E63294-D879-3284-9D2E-FAB3A21DE866}.Release|Win32.ActiveCfg = Release|Win32
		{41E63294-D879-3284-9D2E-FAB3A21DE866}.Release|Win32.Build.0 = Release|Win32
		{41E63294-D879-3284-9D2E-FAB3A21DE866}.Template|Win32.ActiveCfg = Release|Win32
		{41E63294-D879-3284-9D2E-FAB3A21DE866}.Template|Win32.Build.0 = Release|Win32
		{E1B47966-6B17-3326-A517-949F960870B6}.Debug|Win32.ActiveCfg = Debug|Win32
		{E1B47966-6B17-3326-A517-949F960870B6}.Debug|Win32.Build.0 = Debug|Win32
		{E1B47966-6B17-3326-A517-949F960870B6}.Release|Win32.ActiveCfg = Release|Win32
		{E1B47966-6B17-3326-A517-949F960870B6}.Release|Win32.Build.0 = Release|Win32
		{E1B47966-6B17-3326-A517-949F960870B6}.Template|Win32.ActiveCfg = Release|Win32
		{E1B47966-6B17-3326-A517-949F960870B6}.Template|Win32.Build.0 = Release|Win32
		{D2A3CD94-607A-3937-9DFA-A6C5C40F0ADD}.Debug|Win32.ActiveCfg = Debug|Win32
		{D2A3CD94-607A-3937-9DFA-A6C5C40F0ADD}.Debug|Win32.Build.0 = Debug|Win32
		{D2A3CD94-607A-3937-9DFA-A6C5C40F0ADD}.Release|Win32.ActiveCfg = Release|Win32
		{D2A3CD94-607A-3937-9DFA-A6C5C40F0ADD}.Release|Win32.Build.0 = Release|Win32
		{D2A3CD94-607A-3937-9DFA-A6C5C40F0ADD}.Template|Win32.ActiveCfg = Release|Win32
		{D2A3CD94-607A-3937-9DFA-A6C5C40F0ADD}.Template|Win32.Build.0 = Release|Win32
		{B4E5599F-4AD4-364D-BAF5-5BA63BDB1AC7}.Debug|Win32.ActiveCfg = Debug|Win32
		{B4E5599F-4AD4-364D-BAF5-5BA63BDB1AC7}.Debug|Win32.Build.0 = Debug|Win32
		{B4E5599F-4AD4-364D-BAF5-5BA63BDB1AC7}.Release|Win32.ActiveCfg = Release|Win32
		{B4E5599F-4AD4-364D-BAF5-5BA63BDB1AC7}.Release|Win32.Build.0 = Release|Win32
		{B4E5599F-4AD4-364D-BAF5-5BA63BDB1AC7}.Template|Win32.ActiveCfg = Release|Win32
		{B4E5599F-4AD4-364D-BAF5-5BA63BDB1AC7}.Template|Win32.Build.0 = Release|Win32
		{8FFCBA0A-0360-3432-8E14-74AE67307C5E}.Debug|Win32.ActiveCfg = Debug|Win32
		{8FFCBA0A-0360-3432-8E14-74AE67307C5E}.Debug|Win32.Build.0 = Debug|Win32
		{8FFCBA0A-0360-3432-8E14-74AE67307C5E}.Release|Win32.ActiveCfg = Release|Win32
		{8FFCBA0A-0360-3432-8E14-74AE67307C5E}.Release|Win32.Build.0 = Release|Win32
		{8FFCBA0A-0360-3432-8E14-74AE67307C5E}.Template|Win32.ActiveCfg = Release|Win32
		{8FFCBA0A-0360-3432-8E14-74AE67307C5E}.Template|Win32.Build.0 = Release|Win32
		{3E85EF4B-C404-3C29-85DE-EAACD9399ECD}.Debug|Win32.ActiveCfg = Debug|Win32
		{3E85EF4B-C404-3C29-85DE-EAACD9399ECD}.Debug|Win32.Build.0 = Debug|Win32
		{3E85EF4B-C404-3C29-85DE-EAACD9399ECD}.Release|Win32.ActiveCfg = Release|Win32
		{3E85EF4B-C404-3C29-85DE-EAACD9399ECD}.Release|Win32.Build.0 = Release|Win32
		{3E85EF4B-C404-3C29-85DE-EAACD9399ECD}.Template|Win32.ActiveCfg = Release|Win32
		{3E85EF4B-C404-3C29-85DE-EAACD9399ECD}.Template|Win32.Build.0 = Release|Win32
		{65A24A37-FEEB-30F2-9D52-04D65374FCD3}.Debug|Win32.ActiveCfg = Debug|Win32
		{65A24A37-FEEB-30F2-9D52-04D65374FCD3}.Debug|Win32.Build.0 = Debug|Win32
		{65A24A37-FEEB-30F2-9D52-04D65374FCD3}.Release|Win32.ActiveCfg = Release|Win32
		{65A24A37-FEEB-30F2-9D52-04D65374FCD3}.Release|Win32.Build.0 = Release|Win32
		{65A24A37-FEEB-30F2-9D52-04D65374FCD3}.Template|Win32.ActiveCfg = Release|Win32
		{65A24A37-FEEB-30F2-9D52-04D65374FCD3}.Template|Win32.Build.0 = Release|Win32
		{0E63611D-F1FE-3CCB-9E32-59C3737F6A59}.Debug|Win32.ActiveCfg = Debug|Win32
		{0E63611D-F1FE-3CCB-9E32-59C3737F6A59}.Debug|Win32.Build.0 = Debug|Win32
		{0E63611D-F1FE-3CCB-9E32-59C3737F6A59}.Release|Win32.ActiveCfg = Release|Win32
		{0E63611D-F1FE-3CCB-9E32-59C3737F6A59}.Release|Win32.Build.0 = Release|Win32
		{0E63611D-F1FE-3CCB-9E32-59C3737F6A59}.Template|Win32.ActiveCfg = Template|Win32
		{0E63611D-F1FE-3CCB-9E32-59C3737F6A59}.Template|Win32.Build.0 = Template|Win32
	EndGlobalSection
	GlobalSection(SolutionProperties) = preSolution
		HideSolutionNode = FALSE
	EndGlobalSection
	GlobalSection(ExtensibilityGlobals) = postSolution
		QtVersion = 4.8.1
	EndGlobalSection
EndGlobal
