Microsoft Visual Studio Solution File, Format Version 10.00
# Visual Studio 2008
Project("{8BC9CEB8-8B4A-11D0-8D11-00A0C91BC942}") = "phony_target", "share\qtplatz\phony_target.vcproj", "{A8BFFFDD-03FC-3E7E-8BB5-1BA26FCF3D75}"
EndProject
Project("{8BC9CEB8-8B4A-11D0-8D11-00A0C91BC942}") = "qtPlatz", "src\app\qtPlatz.vcproj", "{EEA26AA0-EA24-38E6-9120-C23F80273210}"
EndProject
Project("{8BC9CEB8-8B4A-11D0-8D11-00A0C91BC942}") = "test_serializer", "src\test_serializer\test_serializer.vcproj", "{A449910D-3EF3-31BE-B544-CC7EF69F607B}"
EndProject
Project("{8BC9CEB8-8B4A-11D0-8D11-00A0C91BC942}") = "controller", "src\controller\controller.vcproj", "{817821F6-4347-3AB2-AB58-1A4BF1D4CF6E}"
EndProject
Project("{8BC9CEB8-8B4A-11D0-8D11-00A0C91BC942}") = "device_emulator", "src\device_emulator\device_emulator.vcproj", "{A67FE99E-EB04-3411-A5E8-7B0EBD49E09B}"
EndProject
Project("{8BC9CEB8-8B4A-11D0-8D11-00A0C91BC942}") = "phony_target2", "share\qtplatz\translations\phony_target2.vcproj", "{12E12EAC-1C7E-35E9-BE30-390598242AE9}"
EndProject
Project("{8BC9CEB8-8B4A-11D0-8D11-00A0C91BC942}") = "QtConcurrent", "src\libs\qtconcurrent\QtConcurrent.vcproj", "{9EA3F270-0D5B-3D6F-A2DD-09161C92D801}"
EndProject
Project("{8BC9CEB8-8B4A-11D0-8D11-00A0C91BC942}") = "Aggregation", "src\libs\aggregation\Aggregation.vcproj", "{09703E80-8536-3515-82F9-C61A1600EC98}"
EndProject
Project("{8BC9CEB8-8B4A-11D0-8D11-00A0C91BC942}") = "ExtensionSystem", "src\libs\extensionsystem\ExtensionSystem.vcproj", "{49F11901-8119-31DD-B53A-71E68B34B084}"
	ProjectSection(ProjectDependencies) = postProject
		{09703E80-8536-3515-82F9-C61A1600EC98} = {09703E80-8536-3515-82F9-C61A1600EC98}
	EndProjectSection
EndProject
Project("{8BC9CEB8-8B4A-11D0-8D11-00A0C91BC942}") = "Utils", "src\libs\utils\Utils.vcproj", "{E55B4D97-CB4C-36F6-8B5B-767DAC9D3B13}"
EndProject
Project("{8BC9CEB8-8B4A-11D0-8D11-00A0C91BC942}") = "adportable", "src\libs\adportable\adportable.vcproj", "{3314EBAC-8B48-319B-B093-3CBC77CA7FFF}"
EndProject
Project("{8BC9CEB8-8B4A-11D0-8D11-00A0C91BC942}") = "xmlwrapper", "src\libs\xmlwrapper\xmlwrapper.vcproj", "{8F43D793-F00D-3AB0-AA1F-12251E0BC1E9}"
EndProject
Project("{8BC9CEB8-8B4A-11D0-8D11-00A0C91BC942}") = "qtwrapper", "src\libs\qtwrapper\qtwrapper.vcproj", "{4B19B14E-3524-3673-A880-57A259EE8F62}"
EndProject
Project("{8BC9CEB8-8B4A-11D0-8D11-00A0C91BC942}") = "acewrapper", "src\libs\acewrapper\acewrapper.vcproj", "{36E6F345-18B7-39CC-8050-83C5BE233BDE}"
EndProject
Project("{8BC9CEB8-8B4A-11D0-8D11-00A0C91BC942}") = "adwidgets", "src\libs\adwidgets\adwidgets.vcproj", "{4DCDECBE-6070-3129-AD9D-187EA5B9645B}"
EndProject
Project("{8BC9CEB8-8B4A-11D0-8D11-00A0C91BC942}") = "adcontrols", "src\libs\adcontrols\adcontrols.vcproj", "{E55C6F64-C044-34F1-BBD7-94FD1BBEB742}"
	ProjectSection(ProjectDependencies) = postProject
		{36E6F345-18B7-39CC-8050-83C5BE233BDE} = {36E6F345-18B7-39CC-8050-83C5BE233BDE}
	EndProjectSection
EndProject
Project("{8BC9CEB8-8B4A-11D0-8D11-00A0C91BC942}") = "adbroker", "src\libs\adbroker\adbroker.vcproj", "{5C4A25F3-9DBA-399D-A850-08D65E4E8944}"
EndProject
Project("{8BC9CEB8-8B4A-11D0-8D11-00A0C91BC942}") = "admachine", "src\libs\admachine\admachine.vcproj", "{EE065FF3-7D67-3069-BBF7-41627A77ED37}"
EndProject
Project("{8BC9CEB8-8B4A-11D0-8D11-00A0C91BC942}") = "Core", "src\plugins\coreplugin\Core.vcproj", "{A4CC3C7D-516B-3704-8CDB-2A3E987231DB}"
	ProjectSection(ProjectDependencies) = postProject
		{E55B4D97-CB4C-36F6-8B5B-767DAC9D3B13} = {E55B4D97-CB4C-36F6-8B5B-767DAC9D3B13}
		{09703E80-8536-3515-82F9-C61A1600EC98} = {09703E80-8536-3515-82F9-C61A1600EC98}
		{49F11901-8119-31DD-B53A-71E68B34B084} = {49F11901-8119-31DD-B53A-71E68B34B084}
	EndProjectSection
EndProject
Project("{8BC9CEB8-8B4A-11D0-8D11-00A0C91BC942}") = "Welcome", "src\plugins\welcome\Welcome.vcproj", "{B7DCDC49-46B3-36B5-91C4-6FE9E0A37A7A}"
	ProjectSection(ProjectDependencies) = postProject
		{09703E80-8536-3515-82F9-C61A1600EC98} = {09703E80-8536-3515-82F9-C61A1600EC98}
		{49F11901-8119-31DD-B53A-71E68B34B084} = {49F11901-8119-31DD-B53A-71E68B34B084}
		{E55B4D97-CB4C-36F6-8B5B-767DAC9D3B13} = {E55B4D97-CB4C-36F6-8B5B-767DAC9D3B13}
		{A4CC3C7D-516B-3704-8CDB-2A3E987231DB} = {A4CC3C7D-516B-3704-8CDB-2A3E987231DB}
	EndProjectSection
EndProject
Project("{8BC9CEB8-8B4A-11D0-8D11-00A0C91BC942}") = "Find", "src\plugins\find\Find.vcproj", "{38FE60CD-588F-366E-911C-2F1621072C6A}"
	ProjectSection(ProjectDependencies) = postProject
		{09703E80-8536-3515-82F9-C61A1600EC98} = {09703E80-8536-3515-82F9-C61A1600EC98}
		{49F11901-8119-31DD-B53A-71E68B34B084} = {49F11901-8119-31DD-B53A-71E68B34B084}
		{E55B4D97-CB4C-36F6-8B5B-767DAC9D3B13} = {E55B4D97-CB4C-36F6-8B5B-767DAC9D3B13}
		{A4CC3C7D-516B-3704-8CDB-2A3E987231DB} = {A4CC3C7D-516B-3704-8CDB-2A3E987231DB}
	EndProjectSection
EndProject
Project("{8BC9CEB8-8B4A-11D0-8D11-00A0C91BC942}") = "TextEditor", "src\plugins\texteditor\TextEditor.vcproj", "{CC13D871-7282-3582-9976-27B45BA5780E}"
	ProjectSection(ProjectDependencies) = postProject
		{E55B4D97-CB4C-36F6-8B5B-767DAC9D3B13} = {E55B4D97-CB4C-36F6-8B5B-767DAC9D3B13}
		{09703E80-8536-3515-82F9-C61A1600EC98} = {09703E80-8536-3515-82F9-C61A1600EC98}
		{49F11901-8119-31DD-B53A-71E68B34B084} = {49F11901-8119-31DD-B53A-71E68B34B084}
		{A4CC3C7D-516B-3704-8CDB-2A3E987231DB} = {A4CC3C7D-516B-3704-8CDB-2A3E987231DB}
		{38FE60CD-588F-366E-911C-2F1621072C6A} = {38FE60CD-588F-366E-911C-2F1621072C6A}
		{9EA3F270-0D5B-3D6F-A2DD-09161C92D801} = {9EA3F270-0D5B-3D6F-A2DD-09161C92D801}
		{6B860B81-51B0-3857-BB04-9E11C13B7D0F} = {6B860B81-51B0-3857-BB04-9E11C13B7D0F}
	EndProjectSection
EndProject
Project("{8BC9CEB8-8B4A-11D0-8D11-00A0C91BC942}") = "Locator", "src\plugins\locator\Locator.vcproj", "{6B860B81-51B0-3857-BB04-9E11C13B7D0F}"
	ProjectSection(ProjectDependencies) = postProject
		{9EA3F270-0D5B-3D6F-A2DD-09161C92D801} = {9EA3F270-0D5B-3D6F-A2DD-09161C92D801}
		{09703E80-8536-3515-82F9-C61A1600EC98} = {09703E80-8536-3515-82F9-C61A1600EC98}
		{49F11901-8119-31DD-B53A-71E68B34B084} = {49F11901-8119-31DD-B53A-71E68B34B084}
		{E55B4D97-CB4C-36F6-8B5B-767DAC9D3B13} = {E55B4D97-CB4C-36F6-8B5B-767DAC9D3B13}
		{A4CC3C7D-516B-3704-8CDB-2A3E987231DB} = {A4CC3C7D-516B-3704-8CDB-2A3E987231DB}
	EndProjectSection
EndProject
Project("{8BC9CEB8-8B4A-11D0-8D11-00A0C91BC942}") = "appplugin", "src\plugins\appplugin\appplugin.vcproj", "{F06B71ED-E996-306E-9855-E3083DDD1C6B}"
	ProjectSection(ProjectDependencies) = postProject
		{36E6F345-18B7-39CC-8050-83C5BE233BDE} = {36E6F345-18B7-39CC-8050-83C5BE233BDE}
		{E55C6F64-C044-34F1-BBD7-94FD1BBEB742} = {E55C6F64-C044-34F1-BBD7-94FD1BBEB742}
		{09703E80-8536-3515-82F9-C61A1600EC98} = {09703E80-8536-3515-82F9-C61A1600EC98}
		{49F11901-8119-31DD-B53A-71E68B34B084} = {49F11901-8119-31DD-B53A-71E68B34B084}
		{E55B4D97-CB4C-36F6-8B5B-767DAC9D3B13} = {E55B4D97-CB4C-36F6-8B5B-767DAC9D3B13}
		{A4CC3C7D-516B-3704-8CDB-2A3E987231DB} = {A4CC3C7D-516B-3704-8CDB-2A3E987231DB}
		{38FE60CD-588F-366E-911C-2F1621072C6A} = {38FE60CD-588F-366E-911C-2F1621072C6A}
	EndProjectSection
EndProject
Project("{8BC9CEB8-8B4A-11D0-8D11-00A0C91BC942}") = "acquire", "src\plugins\acquire\acquire.vcproj", "{3F665C8A-B2EF-36EF-881C-B8B878AD6A3A}"
	ProjectSection(ProjectDependencies) = postProject
		{4DCDECBE-6070-3129-AD9D-187EA5B9645B} = {4DCDECBE-6070-3129-AD9D-187EA5B9645B}
		{09703E80-8536-3515-82F9-C61A1600EC98} = {09703E80-8536-3515-82F9-C61A1600EC98}
		{49F11901-8119-31DD-B53A-71E68B34B084} = {49F11901-8119-31DD-B53A-71E68B34B084}
		{E55B4D97-CB4C-36F6-8B5B-767DAC9D3B13} = {E55B4D97-CB4C-36F6-8B5B-767DAC9D3B13}
		{A4CC3C7D-516B-3704-8CDB-2A3E987231DB} = {A4CC3C7D-516B-3704-8CDB-2A3E987231DB}
	EndProjectSection
EndProject
Project("{8BC9CEB8-8B4A-11D0-8D11-00A0C91BC942}") = "sequence", "src\plugins\sequence\sequence.vcproj", "{C3EA2560-B11A-3038-9830-FA4EE60A621E}"
	ProjectSection(ProjectDependencies) = postProject
		{4DCDECBE-6070-3129-AD9D-187EA5B9645B} = {4DCDECBE-6070-3129-AD9D-187EA5B9645B}
		{E55C6F64-C044-34F1-BBD7-94FD1BBEB742} = {E55C6F64-C044-34F1-BBD7-94FD1BBEB742}
		{36E6F345-18B7-39CC-8050-83C5BE233BDE} = {36E6F345-18B7-39CC-8050-83C5BE233BDE}
		{09703E80-8536-3515-82F9-C61A1600EC98} = {09703E80-8536-3515-82F9-C61A1600EC98}
		{49F11901-8119-31DD-B53A-71E68B34B084} = {49F11901-8119-31DD-B53A-71E68B34B084}
		{E55B4D97-CB4C-36F6-8B5B-767DAC9D3B13} = {E55B4D97-CB4C-36F6-8B5B-767DAC9D3B13}
		{A4CC3C7D-516B-3704-8CDB-2A3E987231DB} = {A4CC3C7D-516B-3704-8CDB-2A3E987231DB}
		{38FE60CD-588F-366E-911C-2F1621072C6A} = {38FE60CD-588F-366E-911C-2F1621072C6A}
		{F06B71ED-E996-306E-9855-E3083DDD1C6B} = {F06B71ED-E996-306E-9855-E3083DDD1C6B}
	EndProjectSection
EndProject
Project("{8BC9CEB8-8B4A-11D0-8D11-00A0C91BC942}") = "dataproc", "src\plugins\dataproc\dataproc.vcproj", "{E96A350A-5753-3A8B-B2E4-F9F563BD34E6}"
	ProjectSection(ProjectDependencies) = postProject
		{4DCDECBE-6070-3129-AD9D-187EA5B9645B} = {4DCDECBE-6070-3129-AD9D-187EA5B9645B}
		{E55C6F64-C044-34F1-BBD7-94FD1BBEB742} = {E55C6F64-C044-34F1-BBD7-94FD1BBEB742}
		{36E6F345-18B7-39CC-8050-83C5BE233BDE} = {36E6F345-18B7-39CC-8050-83C5BE233BDE}
		{09703E80-8536-3515-82F9-C61A1600EC98} = {09703E80-8536-3515-82F9-C61A1600EC98}
		{49F11901-8119-31DD-B53A-71E68B34B084} = {49F11901-8119-31DD-B53A-71E68B34B084}
		{E55B4D97-CB4C-36F6-8B5B-767DAC9D3B13} = {E55B4D97-CB4C-36F6-8B5B-767DAC9D3B13}
		{A4CC3C7D-516B-3704-8CDB-2A3E987231DB} = {A4CC3C7D-516B-3704-8CDB-2A3E987231DB}
		{38FE60CD-588F-366E-911C-2F1621072C6A} = {38FE60CD-588F-366E-911C-2F1621072C6A}
		{F06B71ED-E996-306E-9855-E3083DDD1C6B} = {F06B71ED-E996-306E-9855-E3083DDD1C6B}
	EndProjectSection
EndProject
Project("{8BC9CEB8-8B4A-11D0-8D11-00A0C91BC942}") = "Help", "src\plugins\help\Help.vcproj", "{76E806A0-0D41-3881-8BA2-5BAB7AB8D174}"
	ProjectSection(ProjectDependencies) = postProject
		{09703E80-8536-3515-82F9-C61A1600EC98} = {09703E80-8536-3515-82F9-C61A1600EC98}
		{49F11901-8119-31DD-B53A-71E68B34B084} = {49F11901-8119-31DD-B53A-71E68B34B084}
		{E55B4D97-CB4C-36F6-8B5B-767DAC9D3B13} = {E55B4D97-CB4C-36F6-8B5B-767DAC9D3B13}
		{A4CC3C7D-516B-3704-8CDB-2A3E987231DB} = {A4CC3C7D-516B-3704-8CDB-2A3E987231DB}
		{38FE60CD-588F-366E-911C-2F1621072C6A} = {38FE60CD-588F-366E-911C-2F1621072C6A}
		{9EA3F270-0D5B-3D6F-A2DD-09161C92D801} = {9EA3F270-0D5B-3D6F-A2DD-09161C92D801}
		{6B860B81-51B0-3857-BB04-9E11C13B7D0F} = {6B860B81-51B0-3857-BB04-9E11C13B7D0F}
	EndProjectSection
EndProject
Project("{8BC9CEB8-8B4A-11D0-8D11-00A0C91BC942}") = "adinterface", "src\libs\adinterface\adinterface.vcproj", "{0E63611D-F1FE-3CCB-9E32-59C3737F6A59}"
EndProject
Global
	GlobalSection(SolutionConfigurationPlatforms) = preSolution
		Debug|Win32 = Debug|Win32
		Release|Win32 = Release|Win32
	EndGlobalSection
	GlobalSection(ProjectConfigurationPlatforms) = postSolution
		{A8BFFFDD-03FC-3E7E-8BB5-1BA26FCF3D75}.Debug|Win32.ActiveCfg = Debug|Win32
		{A8BFFFDD-03FC-3E7E-8BB5-1BA26FCF3D75}.Debug|Win32.Build.0 = Debug|Win32
		{A8BFFFDD-03FC-3E7E-8BB5-1BA26FCF3D75}.Release|Win32.ActiveCfg = Release|Win32
		{A8BFFFDD-03FC-3E7E-8BB5-1BA26FCF3D75}.Release|Win32.Build.0 = Release|Win32
		{EEA26AA0-EA24-38E6-9120-C23F80273210}.Debug|Win32.ActiveCfg = Debug|Win32
		{EEA26AA0-EA24-38E6-9120-C23F80273210}.Debug|Win32.Build.0 = Debug|Win32
		{EEA26AA0-EA24-38E6-9120-C23F80273210}.Release|Win32.ActiveCfg = Release|Win32
		{EEA26AA0-EA24-38E6-9120-C23F80273210}.Release|Win32.Build.0 = Release|Win32
		{A449910D-3EF3-31BE-B544-CC7EF69F607B}.Debug|Win32.ActiveCfg = Debug|Win32
		{A449910D-3EF3-31BE-B544-CC7EF69F607B}.Debug|Win32.Build.0 = Debug|Win32
		{A449910D-3EF3-31BE-B544-CC7EF69F607B}.Release|Win32.ActiveCfg = Release|Win32
		{A449910D-3EF3-31BE-B544-CC7EF69F607B}.Release|Win32.Build.0 = Release|Win32
		{817821F6-4347-3AB2-AB58-1A4BF1D4CF6E}.Debug|Win32.ActiveCfg = Debug|Win32
		{817821F6-4347-3AB2-AB58-1A4BF1D4CF6E}.Debug|Win32.Build.0 = Debug|Win32
		{817821F6-4347-3AB2-AB58-1A4BF1D4CF6E}.Release|Win32.ActiveCfg = Release|Win32
		{817821F6-4347-3AB2-AB58-1A4BF1D4CF6E}.Release|Win32.Build.0 = Release|Win32
		{A67FE99E-EB04-3411-A5E8-7B0EBD49E09B}.Debug|Win32.ActiveCfg = Debug|Win32
		{A67FE99E-EB04-3411-A5E8-7B0EBD49E09B}.Debug|Win32.Build.0 = Debug|Win32
		{A67FE99E-EB04-3411-A5E8-7B0EBD49E09B}.Release|Win32.ActiveCfg = Release|Win32
		{A67FE99E-EB04-3411-A5E8-7B0EBD49E09B}.Release|Win32.Build.0 = Release|Win32
		{12E12EAC-1C7E-35E9-BE30-390598242AE9}.Debug|Win32.ActiveCfg = Debug|Win32
		{12E12EAC-1C7E-35E9-BE30-390598242AE9}.Debug|Win32.Build.0 = Debug|Win32
		{12E12EAC-1C7E-35E9-BE30-390598242AE9}.Release|Win32.ActiveCfg = Release|Win32
		{12E12EAC-1C7E-35E9-BE30-390598242AE9}.Release|Win32.Build.0 = Release|Win32
		{9EA3F270-0D5B-3D6F-A2DD-09161C92D801}.Debug|Win32.ActiveCfg = Debug|Win32
		{9EA3F270-0D5B-3D6F-A2DD-09161C92D801}.Debug|Win32.Build.0 = Debug|Win32
		{9EA3F270-0D5B-3D6F-A2DD-09161C92D801}.Release|Win32.ActiveCfg = Release|Win32
		{9EA3F270-0D5B-3D6F-A2DD-09161C92D801}.Release|Win32.Build.0 = Release|Win32
		{09703E80-8536-3515-82F9-C61A1600EC98}.Debug|Win32.ActiveCfg = Debug|Win32
		{09703E80-8536-3515-82F9-C61A1600EC98}.Debug|Win32.Build.0 = Debug|Win32
		{09703E80-8536-3515-82F9-C61A1600EC98}.Release|Win32.ActiveCfg = Release|Win32
		{09703E80-8536-3515-82F9-C61A1600EC98}.Release|Win32.Build.0 = Release|Win32
		{49F11901-8119-31DD-B53A-71E68B34B084}.Debug|Win32.ActiveCfg = Debug|Win32
		{49F11901-8119-31DD-B53A-71E68B34B084}.Debug|Win32.Build.0 = Debug|Win32
		{49F11901-8119-31DD-B53A-71E68B34B084}.Release|Win32.ActiveCfg = Release|Win32
		{49F11901-8119-31DD-B53A-71E68B34B084}.Release|Win32.Build.0 = Release|Win32
		{E55B4D97-CB4C-36F6-8B5B-767DAC9D3B13}.Debug|Win32.ActiveCfg = Debug|Win32
		{E55B4D97-CB4C-36F6-8B5B-767DAC9D3B13}.Debug|Win32.Build.0 = Debug|Win32
		{E55B4D97-CB4C-36F6-8B5B-767DAC9D3B13}.Release|Win32.ActiveCfg = Release|Win32
		{E55B4D97-CB4C-36F6-8B5B-767DAC9D3B13}.Release|Win32.Build.0 = Release|Win32
		{3314EBAC-8B48-319B-B093-3CBC77CA7FFF}.Debug|Win32.ActiveCfg = Debug|Win32
		{3314EBAC-8B48-319B-B093-3CBC77CA7FFF}.Debug|Win32.Build.0 = Debug|Win32
		{3314EBAC-8B48-319B-B093-3CBC77CA7FFF}.Release|Win32.ActiveCfg = Release|Win32
		{3314EBAC-8B48-319B-B093-3CBC77CA7FFF}.Release|Win32.Build.0 = Release|Win32
		{8F43D793-F00D-3AB0-AA1F-12251E0BC1E9}.Debug|Win32.ActiveCfg = Debug|Win32
		{8F43D793-F00D-3AB0-AA1F-12251E0BC1E9}.Debug|Win32.Build.0 = Debug|Win32
		{8F43D793-F00D-3AB0-AA1F-12251E0BC1E9}.Release|Win32.ActiveCfg = Release|Win32
		{8F43D793-F00D-3AB0-AA1F-12251E0BC1E9}.Release|Win32.Build.0 = Release|Win32
		{4B19B14E-3524-3673-A880-57A259EE8F62}.Debug|Win32.ActiveCfg = Debug|Win32
		{4B19B14E-3524-3673-A880-57A259EE8F62}.Debug|Win32.Build.0 = Debug|Win32
		{4B19B14E-3524-3673-A880-57A259EE8F62}.Release|Win32.ActiveCfg = Release|Win32
		{4B19B14E-3524-3673-A880-57A259EE8F62}.Release|Win32.Build.0 = Release|Win32
		{36E6F345-18B7-39CC-8050-83C5BE233BDE}.Debug|Win32.ActiveCfg = Debug|Win32
		{36E6F345-18B7-39CC-8050-83C5BE233BDE}.Debug|Win32.Build.0 = Debug|Win32
		{36E6F345-18B7-39CC-8050-83C5BE233BDE}.Release|Win32.ActiveCfg = Release|Win32
		{36E6F345-18B7-39CC-8050-83C5BE233BDE}.Release|Win32.Build.0 = Release|Win32
		{4DCDECBE-6070-3129-AD9D-187EA5B9645B}.Debug|Win32.ActiveCfg = Debug|Win32
		{4DCDECBE-6070-3129-AD9D-187EA5B9645B}.Debug|Win32.Build.0 = Debug|Win32
		{4DCDECBE-6070-3129-AD9D-187EA5B9645B}.Release|Win32.ActiveCfg = Release|Win32
		{4DCDECBE-6070-3129-AD9D-187EA5B9645B}.Release|Win32.Build.0 = Release|Win32
		{E55C6F64-C044-34F1-BBD7-94FD1BBEB742}.Debug|Win32.ActiveCfg = Debug|Win32
		{E55C6F64-C044-34F1-BBD7-94FD1BBEB742}.Debug|Win32.Build.0 = Debug|Win32
		{E55C6F64-C044-34F1-BBD7-94FD1BBEB742}.Release|Win32.ActiveCfg = Release|Win32
		{E55C6F64-C044-34F1-BBD7-94FD1BBEB742}.Release|Win32.Build.0 = Release|Win32
		{5C4A25F3-9DBA-399D-A850-08D65E4E8944}.Debug|Win32.ActiveCfg = Debug|Win32
		{5C4A25F3-9DBA-399D-A850-08D65E4E8944}.Debug|Win32.Build.0 = Debug|Win32
		{5C4A25F3-9DBA-399D-A850-08D65E4E8944}.Release|Win32.ActiveCfg = Release|Win32
		{5C4A25F3-9DBA-399D-A850-08D65E4E8944}.Release|Win32.Build.0 = Release|Win32
		{EE065FF3-7D67-3069-BBF7-41627A77ED37}.Debug|Win32.ActiveCfg = Debug|Win32
		{EE065FF3-7D67-3069-BBF7-41627A77ED37}.Debug|Win32.Build.0 = Debug|Win32
		{EE065FF3-7D67-3069-BBF7-41627A77ED37}.Release|Win32.ActiveCfg = Release|Win32
		{EE065FF3-7D67-3069-BBF7-41627A77ED37}.Release|Win32.Build.0 = Release|Win32
		{A4CC3C7D-516B-3704-8CDB-2A3E987231DB}.Debug|Win32.ActiveCfg = Debug|Win32
		{A4CC3C7D-516B-3704-8CDB-2A3E987231DB}.Debug|Win32.Build.0 = Debug|Win32
		{A4CC3C7D-516B-3704-8CDB-2A3E987231DB}.Release|Win32.ActiveCfg = Release|Win32
		{A4CC3C7D-516B-3704-8CDB-2A3E987231DB}.Release|Win32.Build.0 = Release|Win32
		{B7DCDC49-46B3-36B5-91C4-6FE9E0A37A7A}.Debug|Win32.ActiveCfg = Debug|Win32
		{B7DCDC49-46B3-36B5-91C4-6FE9E0A37A7A}.Debug|Win32.Build.0 = Debug|Win32
		{B7DCDC49-46B3-36B5-91C4-6FE9E0A37A7A}.Release|Win32.ActiveCfg = Release|Win32
		{B7DCDC49-46B3-36B5-91C4-6FE9E0A37A7A}.Release|Win32.Build.0 = Release|Win32
		{38FE60CD-588F-366E-911C-2F1621072C6A}.Debug|Win32.ActiveCfg = Debug|Win32
		{38FE60CD-588F-366E-911C-2F1621072C6A}.Debug|Win32.Build.0 = Debug|Win32
		{38FE60CD-588F-366E-911C-2F1621072C6A}.Release|Win32.ActiveCfg = Release|Win32
		{38FE60CD-588F-366E-911C-2F1621072C6A}.Release|Win32.Build.0 = Release|Win32
		{CC13D871-7282-3582-9976-27B45BA5780E}.Debug|Win32.ActiveCfg = Debug|Win32
		{CC13D871-7282-3582-9976-27B45BA5780E}.Debug|Win32.Build.0 = Debug|Win32
		{CC13D871-7282-3582-9976-27B45BA5780E}.Release|Win32.ActiveCfg = Release|Win32
		{CC13D871-7282-3582-9976-27B45BA5780E}.Release|Win32.Build.0 = Release|Win32
		{6B860B81-51B0-3857-BB04-9E11C13B7D0F}.Debug|Win32.ActiveCfg = Debug|Win32
		{6B860B81-51B0-3857-BB04-9E11C13B7D0F}.Debug|Win32.Build.0 = Debug|Win32
		{6B860B81-51B0-3857-BB04-9E11C13B7D0F}.Release|Win32.ActiveCfg = Release|Win32
		{6B860B81-51B0-3857-BB04-9E11C13B7D0F}.Release|Win32.Build.0 = Release|Win32
		{F06B71ED-E996-306E-9855-E3083DDD1C6B}.Debug|Win32.ActiveCfg = Debug|Win32
		{F06B71ED-E996-306E-9855-E3083DDD1C6B}.Debug|Win32.Build.0 = Debug|Win32
		{F06B71ED-E996-306E-9855-E3083DDD1C6B}.Release|Win32.ActiveCfg = Release|Win32
		{F06B71ED-E996-306E-9855-E3083DDD1C6B}.Release|Win32.Build.0 = Release|Win32
		{3F665C8A-B2EF-36EF-881C-B8B878AD6A3A}.Debug|Win32.ActiveCfg = Debug|Win32
		{3F665C8A-B2EF-36EF-881C-B8B878AD6A3A}.Debug|Win32.Build.0 = Debug|Win32
		{3F665C8A-B2EF-36EF-881C-B8B878AD6A3A}.Release|Win32.ActiveCfg = Release|Win32
		{3F665C8A-B2EF-36EF-881C-B8B878AD6A3A}.Release|Win32.Build.0 = Release|Win32
		{C3EA2560-B11A-3038-9830-FA4EE60A621E}.Debug|Win32.ActiveCfg = Debug|Win32
		{C3EA2560-B11A-3038-9830-FA4EE60A621E}.Debug|Win32.Build.0 = Debug|Win32
		{C3EA2560-B11A-3038-9830-FA4EE60A621E}.Release|Win32.ActiveCfg = Release|Win32
		{C3EA2560-B11A-3038-9830-FA4EE60A621E}.Release|Win32.Build.0 = Release|Win32
		{E96A350A-5753-3A8B-B2E4-F9F563BD34E6}.Debug|Win32.ActiveCfg = Debug|Win32
		{E96A350A-5753-3A8B-B2E4-F9F563BD34E6}.Debug|Win32.Build.0 = Debug|Win32
		{E96A350A-5753-3A8B-B2E4-F9F563BD34E6}.Release|Win32.ActiveCfg = Release|Win32
		{E96A350A-5753-3A8B-B2E4-F9F563BD34E6}.Release|Win32.Build.0 = Release|Win32
		{76E806A0-0D41-3881-8BA2-5BAB7AB8D174}.Debug|Win32.ActiveCfg = Debug|Win32
		{76E806A0-0D41-3881-8BA2-5BAB7AB8D174}.Debug|Win32.Build.0 = Debug|Win32
		{76E806A0-0D41-3881-8BA2-5BAB7AB8D174}.Release|Win32.ActiveCfg = Release|Win32
		{76E806A0-0D41-3881-8BA2-5BAB7AB8D174}.Release|Win32.Build.0 = Release|Win32
		{0E63611D-F1FE-3CCB-9E32-59C3737F6A59}.Debug|Win32.ActiveCfg = Debug|Win32
		{0E63611D-F1FE-3CCB-9E32-59C3737F6A59}.Debug|Win32.Build.0 = Debug|Win32
		{0E63611D-F1FE-3CCB-9E32-59C3737F6A59}.Release|Win32.ActiveCfg = Release|Win32
		{0E63611D-F1FE-3CCB-9E32-59C3737F6A59}.Release|Win32.Build.0 = Release|Win32
	EndGlobalSection
	GlobalSection(SolutionProperties) = preSolution
		HideSolutionNode = FALSE
	EndGlobalSection
	GlobalSection(ExtensibilityGlobals) = postSolution
		QtVersion = 4.6.3
	EndGlobalSection
EndGlobal
