Microsoft Visual Studio Solution File, Format Version 11.00
# Visual Studio 2010
Project("{8BC9CEB8-8B4A-11D0-8D11-00A0C91BC942}") = "phony_target", "share\qtplatz\phony_target.vcxproj", "{B3DC1DEF-9459-34F6-8DF2-BB3EFDAB2DA8}"
EndProject
Project("{8BC9CEB8-8B4A-11D0-8D11-00A0C91BC942}") = "qtplatz", "src\app\qtplatz.vcxproj", "{BA0DD097-DEFF-3C79-8BC6-55992E83B8B8}"
EndProject
Project("{8BC9CEB8-8B4A-11D0-8D11-00A0C91BC942}") = "phony_target2", "share\qtplatz\translations\phony_target2.vcxproj", "{ECBB1185-4EF0-3FFF-A9D3-056D3738A9D0}"
EndProject
Project("{8BC9CEB8-8B4A-11D0-8D11-00A0C91BC942}") = "Aggregation", "src\libs\aggregation\Aggregation.vcxproj", "{1DFFEE00-D98F-3E93-A241-C6599A688C7E}"
EndProject
Project("{8BC9CEB8-8B4A-11D0-8D11-00A0C91BC942}") = "ExtensionSystem", "src\libs\extensionsystem\ExtensionSystem.vcxproj", "{33070CFD-4E8F-368C-8209-4F3A4FC4F732}"
	ProjectSection(ProjectDependencies) = postProject
		{1DFFEE00-D98F-3E93-A241-C6599A688C7E} = {1DFFEE00-D98F-3E93-A241-C6599A688C7E}
	EndProjectSection
EndProject
Project("{8BC9CEB8-8B4A-11D0-8D11-00A0C91BC942}") = "Utils", "src\libs\utils\Utils.vcxproj", "{3BE4D5CD-2FF5-3E87-A7E7-A94F6AFB6C91}"
EndProject
Project("{8BC9CEB8-8B4A-11D0-8D11-00A0C91BC942}") = "adinterface", "src\libs\adinterface\adinterface.vcxproj", "{0608A92E-AC77-3958-B568-EA79EDB3451E}"
EndProject
Project("{8BC9CEB8-8B4A-11D0-8D11-00A0C91BC942}") = "adfs", "src\libs\adfs\adfs.vcxproj", "{F18F053B-4596-351B-AC36-53FE5EED2843}"
EndProject
Project("{8BC9CEB8-8B4A-11D0-8D11-00A0C91BC942}") = "xmlparser", "src\libs\xmlparser\xmlparser.vcxproj", "{0A063AC4-BCDD-360F-ABEF-BF5BE5282E6D}"
EndProject
Project("{8BC9CEB8-8B4A-11D0-8D11-00A0C91BC942}") = "adwplot", "src\libs\adwplot\adwplot.vcxproj", "{B1F97DF5-FB2D-38F0-9469-50E446F1349D}"
EndProject
Project("{8BC9CEB8-8B4A-11D0-8D11-00A0C91BC942}") = "adportable", "src\libs\adportable\adportable.vcxproj", "{A39E6844-DF84-343B-9953-C9AEE7B0A808}"
EndProject
Project("{8BC9CEB8-8B4A-11D0-8D11-00A0C91BC942}") = "qtwrapper", "src\libs\qtwrapper\qtwrapper.vcxproj", "{D1C72CE7-D9A9-3861-AE13-551707E51319}"
EndProject
Project("{8BC9CEB8-8B4A-11D0-8D11-00A0C91BC942}") = "portfolio", "src\libs\portfolio\portfolio.vcxproj", "{2CC22828-8CD3-3E6D-90AE-18D4A1B9626B}"
	ProjectSection(ProjectDependencies) = postProject
		{0A063AC4-BCDD-360F-ABEF-BF5BE5282E6D} = {0A063AC4-BCDD-360F-ABEF-BF5BE5282E6D}
		{A39E6844-DF84-343B-9953-C9AEE7B0A808} = {A39E6844-DF84-343B-9953-C9AEE7B0A808}
	EndProjectSection
EndProject
Project("{8BC9CEB8-8B4A-11D0-8D11-00A0C91BC942}") = "adutils", "src\libs\adutils\adutils.vcxproj", "{334B64C8-5435-3AF8-9055-BB7F3EE7477F}"
EndProject
Project("{8BC9CEB8-8B4A-11D0-8D11-00A0C91BC942}") = "acewrapper", "src\libs\acewrapper\acewrapper.vcxproj", "{5DD65A94-8374-3D09-B1BF-21200E0D7E8A}"
EndProject
Project("{8BC9CEB8-8B4A-11D0-8D11-00A0C91BC942}") = "adplugin", "src\libs\adplugin\adplugin.vcxproj", "{58D25944-313A-3A98-AFEA-F5B6EF27EFD6}"
	ProjectSection(ProjectDependencies) = postProject
		{5DD65A94-8374-3D09-B1BF-21200E0D7E8A} = {5DD65A94-8374-3D09-B1BF-21200E0D7E8A}
		{0608A92E-AC77-3958-B568-EA79EDB3451E} = {0608A92E-AC77-3958-B568-EA79EDB3451E}
		{A39E6844-DF84-343B-9953-C9AEE7B0A808} = {A39E6844-DF84-343B-9953-C9AEE7B0A808}
		{D1C72CE7-D9A9-3861-AE13-551707E51319} = {D1C72CE7-D9A9-3861-AE13-551707E51319}
		{0A063AC4-BCDD-360F-ABEF-BF5BE5282E6D} = {0A063AC4-BCDD-360F-ABEF-BF5BE5282E6D}
	EndProjectSection
EndProject
Project("{8BC9CEB8-8B4A-11D0-8D11-00A0C91BC942}") = "adcontrols", "src\libs\adcontrols\adcontrols.vcxproj", "{389A302C-991D-37CF-9A65-4D9AFFF6002B}"
	ProjectSection(ProjectDependencies) = postProject
		{5DD65A94-8374-3D09-B1BF-21200E0D7E8A} = {5DD65A94-8374-3D09-B1BF-21200E0D7E8A}
		{A39E6844-DF84-343B-9953-C9AEE7B0A808} = {A39E6844-DF84-343B-9953-C9AEE7B0A808}
	EndProjectSection
EndProject
Project("{8BC9CEB8-8B4A-11D0-8D11-00A0C91BC942}") = "qtwidgets", "src\libs\qtwidgets\qtwidgets.vcxproj", "{42965173-D5DA-3706-A59A-626034B09760}"
	ProjectSection(ProjectDependencies) = postProject
		{A39E6844-DF84-343B-9953-C9AEE7B0A808} = {A39E6844-DF84-343B-9953-C9AEE7B0A808}
		{389A302C-991D-37CF-9A65-4D9AFFF6002B} = {389A302C-991D-37CF-9A65-4D9AFFF6002B}
		{58D25944-313A-3A98-AFEA-F5B6EF27EFD6} = {58D25944-313A-3A98-AFEA-F5B6EF27EFD6}
		{D1C72CE7-D9A9-3861-AE13-551707E51319} = {D1C72CE7-D9A9-3861-AE13-551707E51319}
		{0A063AC4-BCDD-360F-ABEF-BF5BE5282E6D} = {0A063AC4-BCDD-360F-ABEF-BF5BE5282E6D}
	EndProjectSection
EndProject
Project("{8BC9CEB8-8B4A-11D0-8D11-00A0C91BC942}") = "adtxtfactory", "src\libs\adtxtfactory\adtxtfactory.vcxproj", "{2FBB8451-37F6-32EA-93D8-6A3369013FB3}"
	ProjectSection(ProjectDependencies) = postProject
		{389A302C-991D-37CF-9A65-4D9AFFF6002B} = {389A302C-991D-37CF-9A65-4D9AFFF6002B}
		{A39E6844-DF84-343B-9953-C9AEE7B0A808} = {A39E6844-DF84-343B-9953-C9AEE7B0A808}
		{0A063AC4-BCDD-360F-ABEF-BF5BE5282E6D} = {0A063AC4-BCDD-360F-ABEF-BF5BE5282E6D}
		{2CC22828-8CD3-3E6D-90AE-18D4A1B9626B} = {2CC22828-8CD3-3E6D-90AE-18D4A1B9626B}
	EndProjectSection
EndProject
Project("{8BC9CEB8-8B4A-11D0-8D11-00A0C91BC942}") = "addatafile", "src\libs\addatafile\addatafile.vcxproj", "{D866FC99-A42B-3330-B7B4-4A10E9EF6933}"
	ProjectSection(ProjectDependencies) = postProject
		{389A302C-991D-37CF-9A65-4D9AFFF6002B} = {389A302C-991D-37CF-9A65-4D9AFFF6002B}
		{A39E6844-DF84-343B-9953-C9AEE7B0A808} = {A39E6844-DF84-343B-9953-C9AEE7B0A808}
		{0A063AC4-BCDD-360F-ABEF-BF5BE5282E6D} = {0A063AC4-BCDD-360F-ABEF-BF5BE5282E6D}
		{5DD65A94-8374-3D09-B1BF-21200E0D7E8A} = {5DD65A94-8374-3D09-B1BF-21200E0D7E8A}
		{334B64C8-5435-3AF8-9055-BB7F3EE7477F} = {334B64C8-5435-3AF8-9055-BB7F3EE7477F}
		{2CC22828-8CD3-3E6D-90AE-18D4A1B9626B} = {2CC22828-8CD3-3E6D-90AE-18D4A1B9626B}
		{F18F053B-4596-351B-AC36-53FE5EED2843} = {F18F053B-4596-351B-AC36-53FE5EED2843}
		{A39E6844-DF84-343B-9953-C9AEE7B0A808} = {A39E6844-DF84-343B-9953-C9AEE7B0A808}
	EndProjectSection
EndProject
Project("{8BC9CEB8-8B4A-11D0-8D11-00A0C91BC942}") = "adcontroller", "src\servants\adcontroller\adcontroller.vcxproj", "{B1EA42C3-05F9-316A-938E-81137F433519}"
	ProjectSection(ProjectDependencies) = postProject
		{0608A92E-AC77-3958-B568-EA79EDB3451E} = {0608A92E-AC77-3958-B568-EA79EDB3451E}
		{5DD65A94-8374-3D09-B1BF-21200E0D7E8A} = {5DD65A94-8374-3D09-B1BF-21200E0D7E8A}
		{0608A92E-AC77-3958-B568-EA79EDB3451E} = {0608A92E-AC77-3958-B568-EA79EDB3451E}
		{A39E6844-DF84-343B-9953-C9AEE7B0A808} = {A39E6844-DF84-343B-9953-C9AEE7B0A808}
		{58D25944-313A-3A98-AFEA-F5B6EF27EFD6} = {58D25944-313A-3A98-AFEA-F5B6EF27EFD6}
		{0A063AC4-BCDD-360F-ABEF-BF5BE5282E6D} = {0A063AC4-BCDD-360F-ABEF-BF5BE5282E6D}
	EndProjectSection
EndProject
Project("{8BC9CEB8-8B4A-11D0-8D11-00A0C91BC942}") = "adbroker", "src\servants\adbroker\adbroker.vcxproj", "{EBF804E8-24C6-307A-8D6F-8D128838A3DC}"
	ProjectSection(ProjectDependencies) = postProject
		{0608A92E-AC77-3958-B568-EA79EDB3451E} = {0608A92E-AC77-3958-B568-EA79EDB3451E}
		{A39E6844-DF84-343B-9953-C9AEE7B0A808} = {A39E6844-DF84-343B-9953-C9AEE7B0A808}
		{5DD65A94-8374-3D09-B1BF-21200E0D7E8A} = {5DD65A94-8374-3D09-B1BF-21200E0D7E8A}
		{389A302C-991D-37CF-9A65-4D9AFFF6002B} = {389A302C-991D-37CF-9A65-4D9AFFF6002B}
		{2CC22828-8CD3-3E6D-90AE-18D4A1B9626B} = {2CC22828-8CD3-3E6D-90AE-18D4A1B9626B}
		{58D25944-313A-3A98-AFEA-F5B6EF27EFD6} = {58D25944-313A-3A98-AFEA-F5B6EF27EFD6}
	EndProjectSection
EndProject
Project("{8BC9CEB8-8B4A-11D0-8D11-00A0C91BC942}") = "Core", "src\plugins\coreplugin\Core.vcxproj", "{D9788FDF-158D-38CD-83C9-E2410ECD8968}"
	ProjectSection(ProjectDependencies) = postProject
		{3BE4D5CD-2FF5-3E87-A7E7-A94F6AFB6C91} = {3BE4D5CD-2FF5-3E87-A7E7-A94F6AFB6C91}
		{1DFFEE00-D98F-3E93-A241-C6599A688C7E} = {1DFFEE00-D98F-3E93-A241-C6599A688C7E}
		{33070CFD-4E8F-368C-8209-4F3A4FC4F732} = {33070CFD-4E8F-368C-8209-4F3A4FC4F732}
	EndProjectSection
EndProject
Project("{8BC9CEB8-8B4A-11D0-8D11-00A0C91BC942}") = "Welcome", "src\plugins\welcome\Welcome.vcxproj", "{1AC5596E-5DFD-3D25-AC31-E6229FAB97C5}"
	ProjectSection(ProjectDependencies) = postProject
		{1DFFEE00-D98F-3E93-A241-C6599A688C7E} = {1DFFEE00-D98F-3E93-A241-C6599A688C7E}
		{33070CFD-4E8F-368C-8209-4F3A4FC4F732} = {33070CFD-4E8F-368C-8209-4F3A4FC4F732}
		{3BE4D5CD-2FF5-3E87-A7E7-A94F6AFB6C91} = {3BE4D5CD-2FF5-3E87-A7E7-A94F6AFB6C91}
		{D9788FDF-158D-38CD-83C9-E2410ECD8968} = {D9788FDF-158D-38CD-83C9-E2410ECD8968}
	EndProjectSection
EndProject
Project("{8BC9CEB8-8B4A-11D0-8D11-00A0C91BC942}") = "servant", "src\plugins\servant\servant.vcxproj", "{EB46251A-8DC8-30EF-B670-B8FA5A9A2955}"
	ProjectSection(ProjectDependencies) = postProject
		{1DFFEE00-D98F-3E93-A241-C6599A688C7E} = {1DFFEE00-D98F-3E93-A241-C6599A688C7E}
		{33070CFD-4E8F-368C-8209-4F3A4FC4F732} = {33070CFD-4E8F-368C-8209-4F3A4FC4F732}
		{3BE4D5CD-2FF5-3E87-A7E7-A94F6AFB6C91} = {3BE4D5CD-2FF5-3E87-A7E7-A94F6AFB6C91}
		{D9788FDF-158D-38CD-83C9-E2410ECD8968} = {D9788FDF-158D-38CD-83C9-E2410ECD8968}
		{389A302C-991D-37CF-9A65-4D9AFFF6002B} = {389A302C-991D-37CF-9A65-4D9AFFF6002B}
		{0608A92E-AC77-3958-B568-EA79EDB3451E} = {0608A92E-AC77-3958-B568-EA79EDB3451E}
		{5DD65A94-8374-3D09-B1BF-21200E0D7E8A} = {5DD65A94-8374-3D09-B1BF-21200E0D7E8A}
		{A39E6844-DF84-343B-9953-C9AEE7B0A808} = {A39E6844-DF84-343B-9953-C9AEE7B0A808}
		{58D25944-313A-3A98-AFEA-F5B6EF27EFD6} = {58D25944-313A-3A98-AFEA-F5B6EF27EFD6}
		{D1C72CE7-D9A9-3861-AE13-551707E51319} = {D1C72CE7-D9A9-3861-AE13-551707E51319}
		{EBF804E8-24C6-307A-8D6F-8D128838A3DC} = {EBF804E8-24C6-307A-8D6F-8D128838A3DC}
	EndProjectSection
EndProject
Project("{8BC9CEB8-8B4A-11D0-8D11-00A0C91BC942}") = "acquire", "src\plugins\acquire\acquire.vcxproj", "{0D9D44E7-FB24-332B-AAAA-8E0049C7D261}"
	ProjectSection(ProjectDependencies) = postProject
		{B1EA42C3-05F9-316A-938E-81137F433519} = {B1EA42C3-05F9-316A-938E-81137F433519}
		{389A302C-991D-37CF-9A65-4D9AFFF6002B} = {389A302C-991D-37CF-9A65-4D9AFFF6002B}
		{334B64C8-5435-3AF8-9055-BB7F3EE7477F} = {334B64C8-5435-3AF8-9055-BB7F3EE7477F}
		{0608A92E-AC77-3958-B568-EA79EDB3451E} = {0608A92E-AC77-3958-B568-EA79EDB3451E}
		{A39E6844-DF84-343B-9953-C9AEE7B0A808} = {A39E6844-DF84-343B-9953-C9AEE7B0A808}
		{B1F97DF5-FB2D-38F0-9469-50E446F1349D} = {B1F97DF5-FB2D-38F0-9469-50E446F1349D}
		{5DD65A94-8374-3D09-B1BF-21200E0D7E8A} = {5DD65A94-8374-3D09-B1BF-21200E0D7E8A}
		{D1C72CE7-D9A9-3861-AE13-551707E51319} = {D1C72CE7-D9A9-3861-AE13-551707E51319}
		{0A063AC4-BCDD-360F-ABEF-BF5BE5282E6D} = {0A063AC4-BCDD-360F-ABEF-BF5BE5282E6D}
		{58D25944-313A-3A98-AFEA-F5B6EF27EFD6} = {58D25944-313A-3A98-AFEA-F5B6EF27EFD6}
		{1DFFEE00-D98F-3E93-A241-C6599A688C7E} = {1DFFEE00-D98F-3E93-A241-C6599A688C7E}
		{33070CFD-4E8F-368C-8209-4F3A4FC4F732} = {33070CFD-4E8F-368C-8209-4F3A4FC4F732}
		{3BE4D5CD-2FF5-3E87-A7E7-A94F6AFB6C91} = {3BE4D5CD-2FF5-3E87-A7E7-A94F6AFB6C91}
		{D9788FDF-158D-38CD-83C9-E2410ECD8968} = {D9788FDF-158D-38CD-83C9-E2410ECD8968}
	EndProjectSection
EndProject
Project("{8BC9CEB8-8B4A-11D0-8D11-00A0C91BC942}") = "sequence", "src\plugins\sequence\sequence.vcxproj", "{9A3B8B9B-F99E-389B-95B5-A74A3578129B}"
	ProjectSection(ProjectDependencies) = postProject
		{389A302C-991D-37CF-9A65-4D9AFFF6002B} = {389A302C-991D-37CF-9A65-4D9AFFF6002B}
		{1DFFEE00-D98F-3E93-A241-C6599A688C7E} = {1DFFEE00-D98F-3E93-A241-C6599A688C7E}
		{33070CFD-4E8F-368C-8209-4F3A4FC4F732} = {33070CFD-4E8F-368C-8209-4F3A4FC4F732}
		{3BE4D5CD-2FF5-3E87-A7E7-A94F6AFB6C91} = {3BE4D5CD-2FF5-3E87-A7E7-A94F6AFB6C91}
		{D9788FDF-158D-38CD-83C9-E2410ECD8968} = {D9788FDF-158D-38CD-83C9-E2410ECD8968}
		{B1EA42C3-05F9-316A-938E-81137F433519} = {B1EA42C3-05F9-316A-938E-81137F433519}
		{389A302C-991D-37CF-9A65-4D9AFFF6002B} = {389A302C-991D-37CF-9A65-4D9AFFF6002B}
		{334B64C8-5435-3AF8-9055-BB7F3EE7477F} = {334B64C8-5435-3AF8-9055-BB7F3EE7477F}
		{0608A92E-AC77-3958-B568-EA79EDB3451E} = {0608A92E-AC77-3958-B568-EA79EDB3451E}
		{A39E6844-DF84-343B-9953-C9AEE7B0A808} = {A39E6844-DF84-343B-9953-C9AEE7B0A808}
		{B1F97DF5-FB2D-38F0-9469-50E446F1349D} = {B1F97DF5-FB2D-38F0-9469-50E446F1349D}
		{5DD65A94-8374-3D09-B1BF-21200E0D7E8A} = {5DD65A94-8374-3D09-B1BF-21200E0D7E8A}
		{D1C72CE7-D9A9-3861-AE13-551707E51319} = {D1C72CE7-D9A9-3861-AE13-551707E51319}
		{0A063AC4-BCDD-360F-ABEF-BF5BE5282E6D} = {0A063AC4-BCDD-360F-ABEF-BF5BE5282E6D}
		{58D25944-313A-3A98-AFEA-F5B6EF27EFD6} = {58D25944-313A-3A98-AFEA-F5B6EF27EFD6}
	EndProjectSection
EndProject
Project("{8BC9CEB8-8B4A-11D0-8D11-00A0C91BC942}") = "dataproc", "src\plugins\dataproc\dataproc.vcxproj", "{84895927-7736-33AF-A32B-3E8B0F755146}"
	ProjectSection(ProjectDependencies) = postProject
		{1DFFEE00-D98F-3E93-A241-C6599A688C7E} = {1DFFEE00-D98F-3E93-A241-C6599A688C7E}
		{33070CFD-4E8F-368C-8209-4F3A4FC4F732} = {33070CFD-4E8F-368C-8209-4F3A4FC4F732}
		{3BE4D5CD-2FF5-3E87-A7E7-A94F6AFB6C91} = {3BE4D5CD-2FF5-3E87-A7E7-A94F6AFB6C91}
		{D9788FDF-158D-38CD-83C9-E2410ECD8968} = {D9788FDF-158D-38CD-83C9-E2410ECD8968}
		{B1F97DF5-FB2D-38F0-9469-50E446F1349D} = {B1F97DF5-FB2D-38F0-9469-50E446F1349D}
		{A39E6844-DF84-343B-9953-C9AEE7B0A808} = {A39E6844-DF84-343B-9953-C9AEE7B0A808}
		{58D25944-313A-3A98-AFEA-F5B6EF27EFD6} = {58D25944-313A-3A98-AFEA-F5B6EF27EFD6}
		{389A302C-991D-37CF-9A65-4D9AFFF6002B} = {389A302C-991D-37CF-9A65-4D9AFFF6002B}
		{334B64C8-5435-3AF8-9055-BB7F3EE7477F} = {334B64C8-5435-3AF8-9055-BB7F3EE7477F}
		{5DD65A94-8374-3D09-B1BF-21200E0D7E8A} = {5DD65A94-8374-3D09-B1BF-21200E0D7E8A}
		{0608A92E-AC77-3958-B568-EA79EDB3451E} = {0608A92E-AC77-3958-B568-EA79EDB3451E}
		{2CC22828-8CD3-3E6D-90AE-18D4A1B9626B} = {2CC22828-8CD3-3E6D-90AE-18D4A1B9626B}
		{D1C72CE7-D9A9-3861-AE13-551707E51319} = {D1C72CE7-D9A9-3861-AE13-551707E51319}
		{0A063AC4-BCDD-360F-ABEF-BF5BE5282E6D} = {0A063AC4-BCDD-360F-ABEF-BF5BE5282E6D}
	EndProjectSection
EndProject
Global
	GlobalSection(SolutionConfigurationPlatforms) = preSolution
		Debug|Win32 = Debug|Win32
		Release|Win32 = Release|Win32
	EndGlobalSection
	GlobalSection(ProjectConfigurationPlatforms) = postSolution
		{B3DC1DEF-9459-34F6-8DF2-BB3EFDAB2DA8}.Debug|Win32.ActiveCfg = Debug|Win32
		{B3DC1DEF-9459-34F6-8DF2-BB3EFDAB2DA8}.Debug|Win32.Build.0 = Debug|Win32
		{B3DC1DEF-9459-34F6-8DF2-BB3EFDAB2DA8}.Release|Win32.ActiveCfg = Release|Win32
		{B3DC1DEF-9459-34F6-8DF2-BB3EFDAB2DA8}.Release|Win32.Build.0 = Release|Win32
		{BA0DD097-DEFF-3C79-8BC6-55992E83B8B8}.Debug|Win32.ActiveCfg = Debug|Win32
		{BA0DD097-DEFF-3C79-8BC6-55992E83B8B8}.Debug|Win32.Build.0 = Debug|Win32
		{BA0DD097-DEFF-3C79-8BC6-55992E83B8B8}.Release|Win32.ActiveCfg = Release|Win32
		{BA0DD097-DEFF-3C79-8BC6-55992E83B8B8}.Release|Win32.Build.0 = Release|Win32
		{1DFFEE00-D98F-3E93-A241-C6599A688C7E}.Debug|Win32.ActiveCfg = Debug|Win32
		{1DFFEE00-D98F-3E93-A241-C6599A688C7E}.Debug|Win32.Build.0 = Debug|Win32
		{1DFFEE00-D98F-3E93-A241-C6599A688C7E}.Release|Win32.ActiveCfg = Release|Win32
		{1DFFEE00-D98F-3E93-A241-C6599A688C7E}.Release|Win32.Build.0 = Release|Win32
		{33070CFD-4E8F-368C-8209-4F3A4FC4F732}.Debug|Win32.ActiveCfg = Debug|Win32
		{33070CFD-4E8F-368C-8209-4F3A4FC4F732}.Debug|Win32.Build.0 = Debug|Win32
		{33070CFD-4E8F-368C-8209-4F3A4FC4F732}.Release|Win32.ActiveCfg = Release|Win32
		{33070CFD-4E8F-368C-8209-4F3A4FC4F732}.Release|Win32.Build.0 = Release|Win32
		{3BE4D5CD-2FF5-3E87-A7E7-A94F6AFB6C91}.Debug|Win32.ActiveCfg = Debug|Win32
		{3BE4D5CD-2FF5-3E87-A7E7-A94F6AFB6C91}.Debug|Win32.Build.0 = Debug|Win32
		{3BE4D5CD-2FF5-3E87-A7E7-A94F6AFB6C91}.Release|Win32.ActiveCfg = Release|Win32
		{3BE4D5CD-2FF5-3E87-A7E7-A94F6AFB6C91}.Release|Win32.Build.0 = Release|Win32
		{0608A92E-AC77-3958-B568-EA79EDB3451E}.Debug|Win32.ActiveCfg = Debug|Win32
		{0608A92E-AC77-3958-B568-EA79EDB3451E}.Debug|Win32.Build.0 = Debug|Win32
		{0608A92E-AC77-3958-B568-EA79EDB3451E}.Release|Win32.ActiveCfg = Release|Win32
		{0608A92E-AC77-3958-B568-EA79EDB3451E}.Release|Win32.Build.0 = Release|Win32
		{F18F053B-4596-351B-AC36-53FE5EED2843}.Debug|Win32.ActiveCfg = Debug|Win32
		{F18F053B-4596-351B-AC36-53FE5EED2843}.Debug|Win32.Build.0 = Debug|Win32
		{F18F053B-4596-351B-AC36-53FE5EED2843}.Release|Win32.ActiveCfg = Release|Win32
		{F18F053B-4596-351B-AC36-53FE5EED2843}.Release|Win32.Build.0 = Release|Win32
		{0A063AC4-BCDD-360F-ABEF-BF5BE5282E6D}.Debug|Win32.ActiveCfg = Debug|Win32
		{0A063AC4-BCDD-360F-ABEF-BF5BE5282E6D}.Debug|Win32.Build.0 = Debug|Win32
		{0A063AC4-BCDD-360F-ABEF-BF5BE5282E6D}.Release|Win32.ActiveCfg = Release|Win32
		{0A063AC4-BCDD-360F-ABEF-BF5BE5282E6D}.Release|Win32.Build.0 = Release|Win32
		{B1F97DF5-FB2D-38F0-9469-50E446F1349D}.Debug|Win32.ActiveCfg = Debug|Win32
		{B1F97DF5-FB2D-38F0-9469-50E446F1349D}.Debug|Win32.Build.0 = Debug|Win32
		{B1F97DF5-FB2D-38F0-9469-50E446F1349D}.Release|Win32.ActiveCfg = Release|Win32
		{B1F97DF5-FB2D-38F0-9469-50E446F1349D}.Release|Win32.Build.0 = Release|Win32
		{A39E6844-DF84-343B-9953-C9AEE7B0A808}.Debug|Win32.ActiveCfg = Debug|Win32
		{A39E6844-DF84-343B-9953-C9AEE7B0A808}.Debug|Win32.Build.0 = Debug|Win32
		{A39E6844-DF84-343B-9953-C9AEE7B0A808}.Release|Win32.ActiveCfg = Release|Win32
		{A39E6844-DF84-343B-9953-C9AEE7B0A808}.Release|Win32.Build.0 = Release|Win32
		{D1C72CE7-D9A9-3861-AE13-551707E51319}.Debug|Win32.ActiveCfg = Debug|Win32
		{D1C72CE7-D9A9-3861-AE13-551707E51319}.Debug|Win32.Build.0 = Debug|Win32
		{D1C72CE7-D9A9-3861-AE13-551707E51319}.Release|Win32.ActiveCfg = Release|Win32
		{D1C72CE7-D9A9-3861-AE13-551707E51319}.Release|Win32.Build.0 = Release|Win32
		{2CC22828-8CD3-3E6D-90AE-18D4A1B9626B}.Debug|Win32.ActiveCfg = Debug|Win32
		{2CC22828-8CD3-3E6D-90AE-18D4A1B9626B}.Debug|Win32.Build.0 = Debug|Win32
		{2CC22828-8CD3-3E6D-90AE-18D4A1B9626B}.Release|Win32.ActiveCfg = Release|Win32
		{2CC22828-8CD3-3E6D-90AE-18D4A1B9626B}.Release|Win32.Build.0 = Release|Win32
		{334B64C8-5435-3AF8-9055-BB7F3EE7477F}.Debug|Win32.ActiveCfg = Debug|Win32
		{334B64C8-5435-3AF8-9055-BB7F3EE7477F}.Debug|Win32.Build.0 = Debug|Win32
		{334B64C8-5435-3AF8-9055-BB7F3EE7477F}.Release|Win32.ActiveCfg = Release|Win32
		{334B64C8-5435-3AF8-9055-BB7F3EE7477F}.Release|Win32.Build.0 = Release|Win32
		{5DD65A94-8374-3D09-B1BF-21200E0D7E8A}.Debug|Win32.ActiveCfg = Debug|Win32
		{5DD65A94-8374-3D09-B1BF-21200E0D7E8A}.Debug|Win32.Build.0 = Debug|Win32
		{5DD65A94-8374-3D09-B1BF-21200E0D7E8A}.Release|Win32.ActiveCfg = Release|Win32
		{5DD65A94-8374-3D09-B1BF-21200E0D7E8A}.Release|Win32.Build.0 = Release|Win32
		{58D25944-313A-3A98-AFEA-F5B6EF27EFD6}.Debug|Win32.ActiveCfg = Debug|Win32
		{58D25944-313A-3A98-AFEA-F5B6EF27EFD6}.Debug|Win32.Build.0 = Debug|Win32
		{58D25944-313A-3A98-AFEA-F5B6EF27EFD6}.Release|Win32.ActiveCfg = Release|Win32
		{58D25944-313A-3A98-AFEA-F5B6EF27EFD6}.Release|Win32.Build.0 = Release|Win32
		{389A302C-991D-37CF-9A65-4D9AFFF6002B}.Debug|Win32.ActiveCfg = Debug|Win32
		{389A302C-991D-37CF-9A65-4D9AFFF6002B}.Debug|Win32.Build.0 = Debug|Win32
		{389A302C-991D-37CF-9A65-4D9AFFF6002B}.Release|Win32.ActiveCfg = Release|Win32
		{389A302C-991D-37CF-9A65-4D9AFFF6002B}.Release|Win32.Build.0 = Release|Win32
		{42965173-D5DA-3706-A59A-626034B09760}.Debug|Win32.ActiveCfg = Debug|Win32
		{42965173-D5DA-3706-A59A-626034B09760}.Debug|Win32.Build.0 = Debug|Win32
		{42965173-D5DA-3706-A59A-626034B09760}.Release|Win32.ActiveCfg = Release|Win32
		{42965173-D5DA-3706-A59A-626034B09760}.Release|Win32.Build.0 = Release|Win32
		{2FBB8451-37F6-32EA-93D8-6A3369013FB3}.Debug|Win32.ActiveCfg = Debug|Win32
		{2FBB8451-37F6-32EA-93D8-6A3369013FB3}.Debug|Win32.Build.0 = Debug|Win32
		{2FBB8451-37F6-32EA-93D8-6A3369013FB3}.Release|Win32.ActiveCfg = Release|Win32
		{2FBB8451-37F6-32EA-93D8-6A3369013FB3}.Release|Win32.Build.0 = Release|Win32
		{D866FC99-A42B-3330-B7B4-4A10E9EF6933}.Debug|Win32.ActiveCfg = Debug|Win32
		{D866FC99-A42B-3330-B7B4-4A10E9EF6933}.Debug|Win32.Build.0 = Debug|Win32
		{D866FC99-A42B-3330-B7B4-4A10E9EF6933}.Release|Win32.ActiveCfg = Release|Win32
		{D866FC99-A42B-3330-B7B4-4A10E9EF6933}.Release|Win32.Build.0 = Release|Win32
		{B1EA42C3-05F9-316A-938E-81137F433519}.Debug|Win32.ActiveCfg = Debug|Win32
		{B1EA42C3-05F9-316A-938E-81137F433519}.Debug|Win32.Build.0 = Debug|Win32
		{B1EA42C3-05F9-316A-938E-81137F433519}.Release|Win32.ActiveCfg = Release|Win32
		{B1EA42C3-05F9-316A-938E-81137F433519}.Release|Win32.Build.0 = Release|Win32
		{EBF804E8-24C6-307A-8D6F-8D128838A3DC}.Debug|Win32.ActiveCfg = Debug|Win32
		{EBF804E8-24C6-307A-8D6F-8D128838A3DC}.Debug|Win32.Build.0 = Debug|Win32
		{EBF804E8-24C6-307A-8D6F-8D128838A3DC}.Release|Win32.ActiveCfg = Release|Win32
		{EBF804E8-24C6-307A-8D6F-8D128838A3DC}.Release|Win32.Build.0 = Release|Win32
		{D9788FDF-158D-38CD-83C9-E2410ECD8968}.Debug|Win32.ActiveCfg = Debug|Win32
		{D9788FDF-158D-38CD-83C9-E2410ECD8968}.Debug|Win32.Build.0 = Debug|Win32
		{D9788FDF-158D-38CD-83C9-E2410ECD8968}.Release|Win32.ActiveCfg = Release|Win32
		{D9788FDF-158D-38CD-83C9-E2410ECD8968}.Release|Win32.Build.0 = Release|Win32
		{1AC5596E-5DFD-3D25-AC31-E6229FAB97C5}.Debug|Win32.ActiveCfg = Debug|Win32
		{1AC5596E-5DFD-3D25-AC31-E6229FAB97C5}.Debug|Win32.Build.0 = Debug|Win32
		{1AC5596E-5DFD-3D25-AC31-E6229FAB97C5}.Release|Win32.ActiveCfg = Release|Win32
		{1AC5596E-5DFD-3D25-AC31-E6229FAB97C5}.Release|Win32.Build.0 = Release|Win32
		{EB46251A-8DC8-30EF-B670-B8FA5A9A2955}.Debug|Win32.ActiveCfg = Debug|Win32
		{EB46251A-8DC8-30EF-B670-B8FA5A9A2955}.Debug|Win32.Build.0 = Debug|Win32
		{EB46251A-8DC8-30EF-B670-B8FA5A9A2955}.Release|Win32.ActiveCfg = Release|Win32
		{EB46251A-8DC8-30EF-B670-B8FA5A9A2955}.Release|Win32.Build.0 = Release|Win32
		{0D9D44E7-FB24-332B-AAAA-8E0049C7D261}.Debug|Win32.ActiveCfg = Debug|Win32
		{0D9D44E7-FB24-332B-AAAA-8E0049C7D261}.Debug|Win32.Build.0 = Debug|Win32
		{0D9D44E7-FB24-332B-AAAA-8E0049C7D261}.Release|Win32.ActiveCfg = Release|Win32
		{0D9D44E7-FB24-332B-AAAA-8E0049C7D261}.Release|Win32.Build.0 = Release|Win32
		{9A3B8B9B-F99E-389B-95B5-A74A3578129B}.Debug|Win32.ActiveCfg = Debug|Win32
		{9A3B8B9B-F99E-389B-95B5-A74A3578129B}.Debug|Win32.Build.0 = Debug|Win32
		{9A3B8B9B-F99E-389B-95B5-A74A3578129B}.Release|Win32.ActiveCfg = Release|Win32
		{9A3B8B9B-F99E-389B-95B5-A74A3578129B}.Release|Win32.Build.0 = Release|Win32
		{84895927-7736-33AF-A32B-3E8B0F755146}.Debug|Win32.ActiveCfg = Debug|Win32
		{84895927-7736-33AF-A32B-3E8B0F755146}.Debug|Win32.Build.0 = Debug|Win32
		{84895927-7736-33AF-A32B-3E8B0F755146}.Release|Win32.ActiveCfg = Release|Win32
		{84895927-7736-33AF-A32B-3E8B0F755146}.Release|Win32.Build.0 = Release|Win32
	EndGlobalSection
	GlobalSection(SolutionProperties) = preSolution
		HideSolutionNode = FALSE
	EndGlobalSection
	GlobalSection(ExtensibilityGlobals) = postSolution
		QtVersion = 4.8.0
	EndGlobalSection
EndGlobal
