Microsoft Visual Studio Solution File, Format Version 11.00
# Visual Studio 2010
Project("{8BC9CEB8-8B4A-11D0-8D11-00A0C91BC942}") = "phony_target", "share\qtplatz\phony_target.vcproj", "{A8BFFFDD-03FC-3E7E-8BB5-1BA26FCF3D75}"
EndProject
Project("{8BC9CEB8-8B4A-11D0-8D11-00A0C91BC942}") = "qtplatz", "src\app\qtplatz.vcxproj", "{EEA26AA0-EA24-38E6-9120-C23F80273210}"
EndProject
Project("{8BC9CEB8-8B4A-11D0-8D11-00A0C91BC942}") = "phony_target2", "share\qtplatz\translations\phony_target2.vcproj", "{12E12EAC-1C7E-35E9-BE30-390598242AE9}"
EndProject
Project("{8BC9CEB8-8B4A-11D0-8D11-00A0C91BC942}") = "Aggregation", "src\libs\aggregation\Aggregation.vcxproj", "{09703E80-8536-3515-82F9-C61A1600EC98}"
EndProject
Project("{8BC9CEB8-8B4A-11D0-8D11-00A0C91BC942}") = "ExtensionSystem", "src\libs\extensionsystem\ExtensionSystem.vcxproj", "{49F11901-8119-31DD-B53A-71E68B34B084}"
EndProject
Project("{8BC9CEB8-8B4A-11D0-8D11-00A0C91BC942}") = "qtwrapper", "src\libs\qtwrapper\qtwrapper.vcxproj", "{4B19B14E-3524-3673-A880-57A259EE8F62}"
EndProject
Project("{8BC9CEB8-8B4A-11D0-8D11-00A0C91BC942}") = "acewrapper", "src\libs\acewrapper\acewrapper.vcxproj", "{36E6F345-18B7-39CC-8050-83C5BE233BDE}"
EndProject
Project("{8BC9CEB8-8B4A-11D0-8D11-00A0C91BC942}") = "adcontrols", "src\libs\adcontrols\adcontrols.vcxproj", "{E55C6F64-C044-34F1-BBD7-94FD1BBEB742}"
EndProject
Project("{8BC9CEB8-8B4A-11D0-8D11-00A0C91BC942}") = "Core", "src\plugins\coreplugin\Core.vcxproj", "{A4CC3C7D-516B-3704-8CDB-2A3E987231DB}"
EndProject
Project("{8BC9CEB8-8B4A-11D0-8D11-00A0C91BC942}") = "sequence", "src\plugins\sequence\sequence.vcxproj", "{C3EA2560-B11A-3038-9830-FA4EE60A621E}"
EndProject
Project("{8BC9CEB8-8B4A-11D0-8D11-00A0C91BC942}") = "dataproc", "src\plugins\dataproc\dataproc.vcxproj", "{E96A350A-5753-3A8B-B2E4-F9F563BD34E6}"
EndProject
Project("{8BC9CEB8-8B4A-11D0-8D11-00A0C91BC942}") = "adinterface", "src\libs\adinterface\adinterface.vcxproj", "{0E63611D-F1FE-3CCB-9E32-59C3737F6A59}"
EndProject
Project("{8BC9CEB8-8B4A-11D0-8D11-00A0C91BC942}") = "Utils", "src\libs\utils\Utils.vcxproj", "{E55B4D97-CB4C-36F6-8B5B-767DAC9D3B13}"
EndProject
Project("{8BC9CEB8-8B4A-11D0-8D11-00A0C91BC942}") = "portfolio", "src\libs\portfolio\portfolio.vcxproj", "{AF607DA2-9E5D-30C6-B7A1-99601349BCAC}"
EndProject
Project("{8BC9CEB8-8B4A-11D0-8D11-00A0C91BC942}") = "adutils", "src\libs\adutils\adutils.vcxproj", "{D567A66B-E0B9-37FD-AD4D-39F300F26921}"
EndProject
Project("{8BC9CEB8-8B4A-11D0-8D11-00A0C91BC942}") = "chromatography", "src\libs\chromatography\chromatography.vcxproj", "{1715B587-7723-3C5F-BABB-571E78EFF868}"
EndProject
Project("{8BC9CEB8-8B4A-11D0-8D11-00A0C91BC942}") = "adtxtfactory", "src\libs\adtxtfactory\adtxtfactory.vcxproj", "{44281D1E-7BF2-3C4A-A530-CB0C6BB4A8C7}"
EndProject
Project("{8BC9CEB8-8B4A-11D0-8D11-00A0C91BC942}") = "addatafile", "src\libs\addatafile\addatafile.vcxproj", "{76998573-A4D7-3E33-A58F-B45C660E4040}"
EndProject
Project("{8BC9CEB8-8B4A-11D0-8D11-00A0C91BC942}") = "adfs", "src\libs\adfs\adfs.vcxproj", "{20CFBE29-DED8-3C28-9115-8F4275457008}"
EndProject
Project("{8BC9CEB8-8B4A-11D0-8D11-00A0C91BC942}") = "adwplot", "src\libs\adwplot\adwplot.vcxproj", "{06ED86F3-2B6C-37C7-AB48-161DB36FB68B}"
EndProject
Project("{8BC9CEB8-8B4A-11D0-8D11-00A0C91BC942}") = "xmlparser", "src\libs\xmlparser\xmlparser.vcxproj", "{8F43D793-F00D-3AB0-AA1F-12251E0BC1E9}"
EndProject
Project("{8BC9CEB8-8B4A-11D0-8D11-00A0C91BC942}") = "adplugin", "src\libs\adplugin\adplugin.vcxproj", "{91F406D4-8137-3B1B-B849-69A9AD360843}"
EndProject
Project("{8BC9CEB8-8B4A-11D0-8D11-00A0C91BC942}") = "adportable", "src\libs\adportable\adportable.vcxproj", "{DE1947AB-4C0A-39BA-8305-39F925AFE9D4}"
EndProject
Project("{8BC9CEB8-8B4A-11D0-8D11-00A0C91BC942}") = "servant", "src\plugins\servant\servant.vcxproj", "{2C324AA3-4CF6-39F6-87A4-711E6ABBB356}"
EndProject
Project("{8BC9CEB8-8B4A-11D0-8D11-00A0C91BC942}") = "adbroker", "src\servants\adbroker\adbroker.vcxproj", "{5C4A25F3-9DBA-399D-A850-08D65E4E8944}"
EndProject
Project("{8BC9CEB8-8B4A-11D0-8D11-00A0C91BC942}") = "adcontroller", "src\servants\adcontroller\adcontroller.vcxproj", "{28579B28-E02E-39FE-86A6-9A4E8C6A329A}"
EndProject
Project("{8BC9CEB8-8B4A-11D0-8D11-00A0C91BC942}") = "acquire", "src\plugins\acquire\acquire.vcxproj", "{6950E6C1-A069-3DD4-859C-B86C4A89A833}"
EndProject
Project("{8BC9CEB8-8B4A-11D0-8D11-00A0C91BC942}") = "qtwidgets", "src\libs\qtwidgets\qtwidgets.vcxproj", "{A58C9AC0-7CAB-3A21-A126-2380AD2B9900}"
EndProject
Project("{8BC9CEB8-8B4A-11D0-8D11-00A0C91BC942}") = "chemspider", "src\plugins\chemspider\chemspider.vcxproj", "{9983F668-B807-3EBE-BBD5-8D0C900C7CC2}"
EndProject
Global
	GlobalSection(SolutionConfigurationPlatforms) = preSolution
		Debug|Win32 = Debug|Win32
		Release|Win32 = Release|Win32
	EndGlobalSection
	GlobalSection(ProjectConfigurationPlatforms) = postSolution
		{A8BFFFDD-03FC-3E7E-8BB5-1BA26FCF3D75}.Debug|Win32.ActiveCfg = Debug|Win32
		{A8BFFFDD-03FC-3E7E-8BB5-1BA26FCF3D75}.Debug|Win32.Build.0 = Debug|Win32
		{A8BFFFDD-03FC-3E7E-8BB5-1BA26FCF3D75}.Release|Win32.ActiveCfg = Release|Win32
		{A8BFFFDD-03FC-3E7E-8BB5-1BA26FCF3D75}.Release|Win32.Build.0 = Release|Win32
		{EEA26AA0-EA24-38E6-9120-C23F80273210}.Debug|Win32.ActiveCfg = Debug|Win32
		{EEA26AA0-EA24-38E6-9120-C23F80273210}.Debug|Win32.Build.0 = Debug|Win32
		{EEA26AA0-EA24-38E6-9120-C23F80273210}.Release|Win32.ActiveCfg = Release|Win32
		{EEA26AA0-EA24-38E6-9120-C23F80273210}.Release|Win32.Build.0 = Release|Win32
		{12E12EAC-1C7E-35E9-BE30-390598242AE9}.Debug|Win32.ActiveCfg = Debug|Win32
		{12E12EAC-1C7E-35E9-BE30-390598242AE9}.Debug|Win32.Build.0 = Debug|Win32
		{12E12EAC-1C7E-35E9-BE30-390598242AE9}.Release|Win32.ActiveCfg = Release|Win32
		{12E12EAC-1C7E-35E9-BE30-390598242AE9}.Release|Win32.Build.0 = Release|Win32
		{09703E80-8536-3515-82F9-C61A1600EC98}.Debug|Win32.ActiveCfg = Debug|Win32
		{09703E80-8536-3515-82F9-C61A1600EC98}.Debug|Win32.Build.0 = Debug|Win32
		{09703E80-8536-3515-82F9-C61A1600EC98}.Release|Win32.ActiveCfg = Release|Win32
		{09703E80-8536-3515-82F9-C61A1600EC98}.Release|Win32.Build.0 = Release|Win32
		{49F11901-8119-31DD-B53A-71E68B34B084}.Debug|Win32.ActiveCfg = Debug|Win32
		{49F11901-8119-31DD-B53A-71E68B34B084}.Debug|Win32.Build.0 = Debug|Win32
		{49F11901-8119-31DD-B53A-71E68B34B084}.Release|Win32.ActiveCfg = Release|Win32
		{49F11901-8119-31DD-B53A-71E68B34B084}.Release|Win32.Build.0 = Release|Win32
		{4B19B14E-3524-3673-A880-57A259EE8F62}.Debug|Win32.ActiveCfg = Debug|Win32
		{4B19B14E-3524-3673-A880-57A259EE8F62}.Debug|Win32.Build.0 = Debug|Win32
		{4B19B14E-3524-3673-A880-57A259EE8F62}.Release|Win32.ActiveCfg = Release|Win32
		{4B19B14E-3524-3673-A880-57A259EE8F62}.Release|Win32.Build.0 = Release|Win32
		{36E6F345-18B7-39CC-8050-83C5BE233BDE}.Debug|Win32.ActiveCfg = Debug|Win32
		{36E6F345-18B7-39CC-8050-83C5BE233BDE}.Debug|Win32.Build.0 = Debug|Win32
		{36E6F345-18B7-39CC-8050-83C5BE233BDE}.Release|Win32.ActiveCfg = Release|Win32
		{36E6F345-18B7-39CC-8050-83C5BE233BDE}.Release|Win32.Build.0 = Release|Win32
		{E55C6F64-C044-34F1-BBD7-94FD1BBEB742}.Debug|Win32.ActiveCfg = Debug|Win32
		{E55C6F64-C044-34F1-BBD7-94FD1BBEB742}.Debug|Win32.Build.0 = Debug|Win32
		{E55C6F64-C044-34F1-BBD7-94FD1BBEB742}.Release|Win32.ActiveCfg = Release|Win32
		{E55C6F64-C044-34F1-BBD7-94FD1BBEB742}.Release|Win32.Build.0 = Release|Win32
		{A4CC3C7D-516B-3704-8CDB-2A3E987231DB}.Debug|Win32.ActiveCfg = Debug|Win32
		{A4CC3C7D-516B-3704-8CDB-2A3E987231DB}.Debug|Win32.Build.0 = Debug|Win32
		{A4CC3C7D-516B-3704-8CDB-2A3E987231DB}.Release|Win32.ActiveCfg = Release|Win32
		{A4CC3C7D-516B-3704-8CDB-2A3E987231DB}.Release|Win32.Build.0 = Release|Win32
		{C3EA2560-B11A-3038-9830-FA4EE60A621E}.Debug|Win32.ActiveCfg = Debug|Win32
		{C3EA2560-B11A-3038-9830-FA4EE60A621E}.Debug|Win32.Build.0 = Debug|Win32
		{C3EA2560-B11A-3038-9830-FA4EE60A621E}.Release|Win32.ActiveCfg = Release|Win32
		{C3EA2560-B11A-3038-9830-FA4EE60A621E}.Release|Win32.Build.0 = Release|Win32
		{E96A350A-5753-3A8B-B2E4-F9F563BD34E6}.Debug|Win32.ActiveCfg = Debug|Win32
		{E96A350A-5753-3A8B-B2E4-F9F563BD34E6}.Debug|Win32.Build.0 = Debug|Win32
		{E96A350A-5753-3A8B-B2E4-F9F563BD34E6}.Release|Win32.ActiveCfg = Release|Win32
		{E96A350A-5753-3A8B-B2E4-F9F563BD34E6}.Release|Win32.Build.0 = Release|Win32
		{0E63611D-F1FE-3CCB-9E32-59C3737F6A59}.Debug|Win32.ActiveCfg = Debug|Win32
		{0E63611D-F1FE-3CCB-9E32-59C3737F6A59}.Debug|Win32.Build.0 = Debug|Win32
		{0E63611D-F1FE-3CCB-9E32-59C3737F6A59}.Release|Win32.ActiveCfg = Release|Win32
		{0E63611D-F1FE-3CCB-9E32-59C3737F6A59}.Release|Win32.Build.0 = Release|Win32
		{E55B4D97-CB4C-36F6-8B5B-767DAC9D3B13}.Debug|Win32.ActiveCfg = Debug|Win32
		{E55B4D97-CB4C-36F6-8B5B-767DAC9D3B13}.Debug|Win32.Build.0 = Debug|Win32
		{E55B4D97-CB4C-36F6-8B5B-767DAC9D3B13}.Release|Win32.ActiveCfg = Release|Win32
		{E55B4D97-CB4C-36F6-8B5B-767DAC9D3B13}.Release|Win32.Build.0 = Release|Win32
		{AF607DA2-9E5D-30C6-B7A1-99601349BCAC}.Debug|Win32.ActiveCfg = Debug|Win32
		{AF607DA2-9E5D-30C6-B7A1-99601349BCAC}.Debug|Win32.Build.0 = Debug|Win32
		{AF607DA2-9E5D-30C6-B7A1-99601349BCAC}.Release|Win32.ActiveCfg = Release|Win32
		{AF607DA2-9E5D-30C6-B7A1-99601349BCAC}.Release|Win32.Build.0 = Release|Win32
		{D567A66B-E0B9-37FD-AD4D-39F300F26921}.Debug|Win32.ActiveCfg = Debug|Win32
		{D567A66B-E0B9-37FD-AD4D-39F300F26921}.Debug|Win32.Build.0 = Debug|Win32
		{D567A66B-E0B9-37FD-AD4D-39F300F26921}.Release|Win32.ActiveCfg = Release|Win32
		{D567A66B-E0B9-37FD-AD4D-39F300F26921}.Release|Win32.Build.0 = Release|Win32
		{1715B587-7723-3C5F-BABB-571E78EFF868}.Debug|Win32.ActiveCfg = Debug|Win32
		{1715B587-7723-3C5F-BABB-571E78EFF868}.Debug|Win32.Build.0 = Debug|Win32
		{1715B587-7723-3C5F-BABB-571E78EFF868}.Release|Win32.ActiveCfg = Release|Win32
		{1715B587-7723-3C5F-BABB-571E78EFF868}.Release|Win32.Build.0 = Release|Win32
		{44281D1E-7BF2-3C4A-A530-CB0C6BB4A8C7}.Debug|Win32.ActiveCfg = Debug|Win32
		{44281D1E-7BF2-3C4A-A530-CB0C6BB4A8C7}.Debug|Win32.Build.0 = Debug|Win32
		{44281D1E-7BF2-3C4A-A530-CB0C6BB4A8C7}.Release|Win32.ActiveCfg = Release|Win32
		{44281D1E-7BF2-3C4A-A530-CB0C6BB4A8C7}.Release|Win32.Build.0 = Release|Win32
		{76998573-A4D7-3E33-A58F-B45C660E4040}.Debug|Win32.ActiveCfg = Debug|Win32
		{76998573-A4D7-3E33-A58F-B45C660E4040}.Debug|Win32.Build.0 = Debug|Win32
		{76998573-A4D7-3E33-A58F-B45C660E4040}.Release|Win32.ActiveCfg = Release|Win32
		{76998573-A4D7-3E33-A58F-B45C660E4040}.Release|Win32.Build.0 = Release|Win32
		{20CFBE29-DED8-3C28-9115-8F4275457008}.Debug|Win32.ActiveCfg = Debug|Win32
		{20CFBE29-DED8-3C28-9115-8F4275457008}.Debug|Win32.Build.0 = Debug|Win32
		{20CFBE29-DED8-3C28-9115-8F4275457008}.Release|Win32.ActiveCfg = Release|Win32
		{20CFBE29-DED8-3C28-9115-8F4275457008}.Release|Win32.Build.0 = Release|Win32
		{06ED86F3-2B6C-37C7-AB48-161DB36FB68B}.Debug|Win32.ActiveCfg = Debug|Win32
		{06ED86F3-2B6C-37C7-AB48-161DB36FB68B}.Debug|Win32.Build.0 = Debug|Win32
		{06ED86F3-2B6C-37C7-AB48-161DB36FB68B}.Release|Win32.ActiveCfg = Release|Win32
		{06ED86F3-2B6C-37C7-AB48-161DB36FB68B}.Release|Win32.Build.0 = Release|Win32
		{8F43D793-F00D-3AB0-AA1F-12251E0BC1E9}.Debug|Win32.ActiveCfg = Debug|Win32
		{8F43D793-F00D-3AB0-AA1F-12251E0BC1E9}.Debug|Win32.Build.0 = Debug|Win32
		{8F43D793-F00D-3AB0-AA1F-12251E0BC1E9}.Release|Win32.ActiveCfg = Release|Win32
		{8F43D793-F00D-3AB0-AA1F-12251E0BC1E9}.Release|Win32.Build.0 = Release|Win32
		{91F406D4-8137-3B1B-B849-69A9AD360843}.Debug|Win32.ActiveCfg = Debug|Win32
		{91F406D4-8137-3B1B-B849-69A9AD360843}.Debug|Win32.Build.0 = Debug|Win32
		{91F406D4-8137-3B1B-B849-69A9AD360843}.Release|Win32.ActiveCfg = Release|Win32
		{91F406D4-8137-3B1B-B849-69A9AD360843}.Release|Win32.Build.0 = Release|Win32
		{DE1947AB-4C0A-39BA-8305-39F925AFE9D4}.Debug|Win32.ActiveCfg = Debug|Win32
		{DE1947AB-4C0A-39BA-8305-39F925AFE9D4}.Debug|Win32.Build.0 = Debug|Win32
		{DE1947AB-4C0A-39BA-8305-39F925AFE9D4}.Release|Win32.ActiveCfg = Release|Win32
		{DE1947AB-4C0A-39BA-8305-39F925AFE9D4}.Release|Win32.Build.0 = Release|Win32
		{2C324AA3-4CF6-39F6-87A4-711E6ABBB356}.Debug|Win32.ActiveCfg = Debug|Win32
		{2C324AA3-4CF6-39F6-87A4-711E6ABBB356}.Debug|Win32.Build.0 = Debug|Win32
		{2C324AA3-4CF6-39F6-87A4-711E6ABBB356}.Release|Win32.ActiveCfg = Release|Win32
		{2C324AA3-4CF6-39F6-87A4-711E6ABBB356}.Release|Win32.Build.0 = Release|Win32
		{5C4A25F3-9DBA-399D-A850-08D65E4E8944}.Debug|Win32.ActiveCfg = Debug|Win32
		{5C4A25F3-9DBA-399D-A850-08D65E4E8944}.Debug|Win32.Build.0 = Debug|Win32
		{5C4A25F3-9DBA-399D-A850-08D65E4E8944}.Release|Win32.ActiveCfg = Release|Win32
		{5C4A25F3-9DBA-399D-A850-08D65E4E8944}.Release|Win32.Build.0 = Release|Win32
		{28579B28-E02E-39FE-86A6-9A4E8C6A329A}.Debug|Win32.ActiveCfg = Debug|Win32
		{28579B28-E02E-39FE-86A6-9A4E8C6A329A}.Debug|Win32.Build.0 = Debug|Win32
		{28579B28-E02E-39FE-86A6-9A4E8C6A329A}.Release|Win32.ActiveCfg = Release|Win32
		{28579B28-E02E-39FE-86A6-9A4E8C6A329A}.Release|Win32.Build.0 = Release|Win32
		{6950E6C1-A069-3DD4-859C-B86C4A89A833}.Debug|Win32.ActiveCfg = Debug|Win32
		{6950E6C1-A069-3DD4-859C-B86C4A89A833}.Debug|Win32.Build.0 = Debug|Win32
		{6950E6C1-A069-3DD4-859C-B86C4A89A833}.Release|Win32.ActiveCfg = Release|Win32
		{6950E6C1-A069-3DD4-859C-B86C4A89A833}.Release|Win32.Build.0 = Release|Win32
		{A58C9AC0-7CAB-3A21-A126-2380AD2B9900}.Debug|Win32.ActiveCfg = Debug|Win32
		{A58C9AC0-7CAB-3A21-A126-2380AD2B9900}.Debug|Win32.Build.0 = Debug|Win32
		{A58C9AC0-7CAB-3A21-A126-2380AD2B9900}.Release|Win32.ActiveCfg = Release|Win32
		{A58C9AC0-7CAB-3A21-A126-2380AD2B9900}.Release|Win32.Build.0 = Release|Win32
		{9983F668-B807-3EBE-BBD5-8D0C900C7CC2}.Debug|Win32.ActiveCfg = Debug|Win32
		{9983F668-B807-3EBE-BBD5-8D0C900C7CC2}.Debug|Win32.Build.0 = Debug|Win32
		{9983F668-B807-3EBE-BBD5-8D0C900C7CC2}.Release|Win32.ActiveCfg = Release|Win32
		{9983F668-B807-3EBE-BBD5-8D0C900C7CC2}.Release|Win32.Build.0 = Release|Win32
	EndGlobalSection
	GlobalSection(SolutionProperties) = preSolution
		HideSolutionNode = FALSE
	EndGlobalSection
	GlobalSection(ExtensibilityGlobals) = postSolution
		QtVersion = 4.8.0
	EndGlobalSection
EndGlobal
