
Microsoft Visual Studio Solution File, Format Version 10.00
# Visual Studio 2008
Project("{8BC9CEB8-8B4A-11D0-8D11-00A0C91BC942}") = "device_controller", "device_controller\device_controller.vcproj", "{3144A6BC-122A-3318-8840-3CD6054E19F9}"
EndProject
Project("{8BC9CEB8-8B4A-11D0-8D11-00A0C91BC942}") = "device_emulator", "device_emulator\device_emulator.vcproj", "{A67FE99E-EB04-3411-A5E8-7B0EBD49E09B}"
EndProject
Project("{8BC9CEB8-8B4A-11D0-8D11-00A0C91BC942}") = "tofcontroller", "tofcontroller\tofcontroller.vcproj", "{13A33CBE-5109-3F62-86F3-1177334BC01A}"
EndProject
Project("{8BC9CEB8-8B4A-11D0-8D11-00A0C91BC942}") = "tofspectrometer", "tofspectrometer\tofspectrometer.vcproj", "{33D4C684-A7C1-3EB6-9164-97A53CBD9AE7}"
EndProject
Project("{8BC9CEB8-8B4A-11D0-8D11-00A0C91BC942}") = "test_polynomial", "test_polynomial\test_polynomial.vcproj", "{2AE4D8CF-2D6D-3821-A8E0-3AD3E0C2438B}"
EndProject
Project("{8BC9CEB8-8B4A-11D0-8D11-00A0C91BC942}") = "adfstest", "adfstest\adfstest.vcproj", "{97EFFFA1-91A7-37E1-B710-120090909899}"
	ProjectSection(ProjectDependencies) = postProject
		{20CFBE29-DED8-3C28-9115-8F4275457008} = {20CFBE29-DED8-3C28-9115-8F4275457008}
	EndProjectSection
EndProject
Project("{8BC9CEB8-8B4A-11D0-8D11-00A0C91BC942}") = "adfs", "..\src\libs\adfs\adfs.vcproj", "{20CFBE29-DED8-3C28-9115-8F4275457008}"
EndProject
Project("{8BC9CEB8-8B4A-11D0-8D11-00A0C91BC942}") = "formula_parser", "formula_parser\formula_parser.vcproj", "{B55B557E-F440-4F6F-B07F-520D25CAAB85}"
EndProject
Project("{8BC9CEB8-8B4A-11D0-8D11-00A0C91BC942}") = "test_plot", "test_plot\test_plot.vcproj", "{BB438FC6-26D2-3E03-85FF-0C6FF98A76E9}"
EndProject
Project("{8BC9CEB8-8B4A-11D0-8D11-00A0C91BC942}") = "xml_traverse_walker", "xml_traverse_walker\xml_traverse_walker.vcproj", "{A2E39555-4AAE-4F47-B5C7-CBC2F5BB76DD}"
EndProject
Global
	GlobalSection(SolutionConfigurationPlatforms) = preSolution
		Debug|Win32 = Debug|Win32
		Release|Win32 = Release|Win32
	EndGlobalSection
	GlobalSection(ProjectConfigurationPlatforms) = postSolution
		{3144A6BC-122A-3318-8840-3CD6054E19F9}.Debug|Win32.ActiveCfg = Debug|Win32
		{3144A6BC-122A-3318-8840-3CD6054E19F9}.Debug|Win32.Build.0 = Debug|Win32
		{3144A6BC-122A-3318-8840-3CD6054E19F9}.Release|Win32.ActiveCfg = Release|Win32
		{3144A6BC-122A-3318-8840-3CD6054E19F9}.Release|Win32.Build.0 = Release|Win32
		{A67FE99E-EB04-3411-A5E8-7B0EBD49E09B}.Debug|Win32.ActiveCfg = Debug|Win32
		{A67FE99E-EB04-3411-A5E8-7B0EBD49E09B}.Debug|Win32.Build.0 = Debug|Win32
		{A67FE99E-EB04-3411-A5E8-7B0EBD49E09B}.Release|Win32.ActiveCfg = Release|Win32
		{A67FE99E-EB04-3411-A5E8-7B0EBD49E09B}.Release|Win32.Build.0 = Release|Win32
		{13A33CBE-5109-3F62-86F3-1177334BC01A}.Debug|Win32.ActiveCfg = Debug|Win32
		{13A33CBE-5109-3F62-86F3-1177334BC01A}.Debug|Win32.Build.0 = Debug|Win32
		{13A33CBE-5109-3F62-86F3-1177334BC01A}.Release|Win32.ActiveCfg = Release|Win32
		{13A33CBE-5109-3F62-86F3-1177334BC01A}.Release|Win32.Build.0 = Release|Win32
		{33D4C684-A7C1-3EB6-9164-97A53CBD9AE7}.Debug|Win32.ActiveCfg = Debug|Win32
		{33D4C684-A7C1-3EB6-9164-97A53CBD9AE7}.Debug|Win32.Build.0 = Debug|Win32
		{33D4C684-A7C1-3EB6-9164-97A53CBD9AE7}.Release|Win32.ActiveCfg = Release|Win32
		{33D4C684-A7C1-3EB6-9164-97A53CBD9AE7}.Release|Win32.Build.0 = Release|Win32
		{2AE4D8CF-2D6D-3821-A8E0-3AD3E0C2438B}.Debug|Win32.ActiveCfg = Debug|Win32
		{2AE4D8CF-2D6D-3821-A8E0-3AD3E0C2438B}.Debug|Win32.Build.0 = Debug|Win32
		{2AE4D8CF-2D6D-3821-A8E0-3AD3E0C2438B}.Release|Win32.ActiveCfg = Release|Win32
		{2AE4D8CF-2D6D-3821-A8E0-3AD3E0C2438B}.Release|Win32.Build.0 = Release|Win32
		{97EFFFA1-91A7-37E1-B710-120090909899}.Debug|Win32.ActiveCfg = Debug|Win32
		{97EFFFA1-91A7-37E1-B710-120090909899}.Debug|Win32.Build.0 = Debug|Win32
		{97EFFFA1-91A7-37E1-B710-120090909899}.Release|Win32.ActiveCfg = Release|Win32
		{97EFFFA1-91A7-37E1-B710-120090909899}.Release|Win32.Build.0 = Release|Win32
		{20CFBE29-DED8-3C28-9115-8F4275457008}.Debug|Win32.ActiveCfg = Debug|Win32
		{20CFBE29-DED8-3C28-9115-8F4275457008}.Debug|Win32.Build.0 = Debug|Win32
		{20CFBE29-DED8-3C28-9115-8F4275457008}.Release|Win32.ActiveCfg = Release|Win32
		{20CFBE29-DED8-3C28-9115-8F4275457008}.Release|Win32.Build.0 = Release|Win32
		{B55B557E-F440-4F6F-B07F-520D25CAAB85}.Debug|Win32.ActiveCfg = Debug|Win32
		{B55B557E-F440-4F6F-B07F-520D25CAAB85}.Debug|Win32.Build.0 = Debug|Win32
		{B55B557E-F440-4F6F-B07F-520D25CAAB85}.Release|Win32.ActiveCfg = Release|Win32
		{B55B557E-F440-4F6F-B07F-520D25CAAB85}.Release|Win32.Build.0 = Release|Win32
		{BB438FC6-26D2-3E03-85FF-0C6FF98A76E9}.Debug|Win32.ActiveCfg = Debug|Win32
		{BB438FC6-26D2-3E03-85FF-0C6FF98A76E9}.Debug|Win32.Build.0 = Debug|Win32
		{BB438FC6-26D2-3E03-85FF-0C6FF98A76E9}.Release|Win32.ActiveCfg = Release|Win32
		{BB438FC6-26D2-3E03-85FF-0C6FF98A76E9}.Release|Win32.Build.0 = Release|Win32
		{A2E39555-4AAE-4F47-B5C7-CBC2F5BB76DD}.Debug|Win32.ActiveCfg = Debug|Win32
		{A2E39555-4AAE-4F47-B5C7-CBC2F5BB76DD}.Debug|Win32.Build.0 = Debug|Win32
		{A2E39555-4AAE-4F47-B5C7-CBC2F5BB76DD}.Release|Win32.ActiveCfg = Release|Win32
		{A2E39555-4AAE-4F47-B5C7-CBC2F5BB76DD}.Release|Win32.Build.0 = Release|Win32
	EndGlobalSection
	GlobalSection(SolutionProperties) = preSolution
		HideSolutionNode = FALSE
	EndGlobalSection
	GlobalSection(ExtensibilityGlobals) = postSolution
		QtVersion = 4.7.2
	EndGlobalSection
EndGlobal
