
Microsoft Visual Studio Solution File, Format Version 10.00
# Visual Studio 2008
Project("{8BC9CEB8-8B4A-11D0-8D11-00A0C91BC942}") = "Efs", "build\build.vcproj", "{1D48A3B9-079B-3986-BB24-CEA69A6A3A48}"
EndProject
Global
	GlobalSection(SolutionConfigurationPlatforms) = preSolution
		Debug|Win32 = Debug|Win32
		Release|Win32 = Release|Win32
	EndGlobalSection
	GlobalSection(ProjectConfigurationPlatforms) = postSolution
		{1D48A3B9-079B-3986-BB24-CEA69A6A3A48}.Debug|Win32.ActiveCfg = Debug|Win32
		{1D48A3B9-079B-3986-BB24-CEA69A6A3A48}.Debug|Win32.Build.0 = Debug|Win32
		{1D48A3B9-079B-3986-BB24-CEA69A6A3A48}.Release|Win32.ActiveCfg = Release|Win32
		{1D48A3B9-079B-3986-BB24-CEA69A6A3A48}.Release|Win32.Build.0 = Release|Win32
	EndGlobalSection
	GlobalSection(SolutionProperties) = preSolution
		HideSolutionNode = FALSE
	EndGlobalSection
EndGlobal
